// !$*UTF8*$!
{
	archiveVersion = 1;
	classes = {
	};
	objectVersion = 52;
	objects = {

/* Begin PBXBuildFile section */
		E91BBA35262AD5960005DBD9 /* SoundPlayer.swift in Sources */ = {isa = PBXBuildFile; fileRef = E91BBA34262AD5960005DBD9 /* SoundPlayer.swift */; };
		E91BBA36262AD5960005DBD9 /* SoundPlayer.swift in Sources */ = {isa = PBXBuildFile; fileRef = E91BBA34262AD5960005DBD9 /* SoundPlayer.swift */; };
		E91C1841264B9314006D6795 /* SpaceEditor.swift in Sources */ = {isa = PBXBuildFile; fileRef = E91C1840264B9314006D6795 /* SpaceEditor.swift */; };
		E91C184B264B9377006D6795 /* LocalmodeView.swift in Sources */ = {isa = PBXBuildFile; fileRef = E91C184A264B9377006D6795 /* LocalmodeView.swift */; };
		E92F9EB8260D9E130092216F /* AetherSpaceApp.swift in Sources */ = {isa = PBXBuildFile; fileRef = E92F9EA4260D9E110092216F /* AetherSpaceApp.swift */; };
		E92F9EB9260D9E130092216F /* AetherSpaceApp.swift in Sources */ = {isa = PBXBuildFile; fileRef = E92F9EA4260D9E110092216F /* AetherSpaceApp.swift */; };
		E92F9EBA260D9E130092216F /* AetherSpaceDocument.swift in Sources */ = {isa = PBXBuildFile; fileRef = E92F9EA5260D9E110092216F /* AetherSpaceDocument.swift */; };
		E92F9EBB260D9E130092216F /* AetherSpaceDocument.swift in Sources */ = {isa = PBXBuildFile; fileRef = E92F9EA5260D9E110092216F /* AetherSpaceDocument.swift */; };
		E92F9EBC260D9E130092216F /* ContentView.swift in Sources */ = {isa = PBXBuildFile; fileRef = E92F9EA6260D9E110092216F /* ContentView.swift */; };
		E92F9EBD260D9E130092216F /* ContentView.swift in Sources */ = {isa = PBXBuildFile; fileRef = E92F9EA6260D9E110092216F /* ContentView.swift */; };
		E92F9EBE260D9E130092216F /* Assets.xcassets in Resources */ = {isa = PBXBuildFile; fileRef = E92F9EA7260D9E130092216F /* Assets.xcassets */; };
		E92F9EBF260D9E130092216F /* Assets.xcassets in Resources */ = {isa = PBXBuildFile; fileRef = E92F9EA7260D9E130092216F /* Assets.xcassets */; };
		E92F9ECB260D9EA60092216F /* Space.swift in Sources */ = {isa = PBXBuildFile; fileRef = E92F9ECA260D9EA60092216F /* Space.swift */; };
		E92F9ECC260D9EA60092216F /* Space.swift in Sources */ = {isa = PBXBuildFile; fileRef = E92F9ECA260D9EA60092216F /* Space.swift */; };
		E92F9ED0260D9EAB0092216F /* SpaceVM.swift in Sources */ = {isa = PBXBuildFile; fileRef = E92F9ECF260D9EAA0092216F /* SpaceVM.swift */; };
		E92F9ED1260D9EAB0092216F /* SpaceVM.swift in Sources */ = {isa = PBXBuildFile; fileRef = E92F9ECF260D9EAA0092216F /* SpaceVM.swift */; };
		E92F9ED5260D9EAF0092216F /* PositionVM.swift in Sources */ = {isa = PBXBuildFile; fileRef = E92F9ED4260D9EAF0092216F /* PositionVM.swift */; };
		E92F9ED6260D9EAF0092216F /* PositionVM.swift in Sources */ = {isa = PBXBuildFile; fileRef = E92F9ED4260D9EAF0092216F /* PositionVM.swift */; };
		E92F9EED260D9F070092216F /* Background.swift in Sources */ = {isa = PBXBuildFile; fileRef = E92F9EEC260D9F070092216F /* Background.swift */; };
		E92F9EF6260D9F0C0092216F /* DocumentPicker.swift in Sources */ = {isa = PBXBuildFile; fileRef = E92F9EF1260D9F0C0092216F /* DocumentPicker.swift */; };
		E92F9EF7260D9F0C0092216F /* AddContent.swift in Sources */ = {isa = PBXBuildFile; fileRef = E92F9EF2260D9F0C0092216F /* AddContent.swift */; };
		E92F9EF8260D9F0C0092216F /* ImagePicker.swift in Sources */ = {isa = PBXBuildFile; fileRef = E92F9EF3260D9F0C0092216F /* ImagePicker.swift */; };
		E92F9EF9260D9F0C0092216F /* NodeTrigger.swift in Sources */ = {isa = PBXBuildFile; fileRef = E92F9EF4260D9F0C0092216F /* NodeTrigger.swift */; };
		E92F9EFA260D9F0C0092216F /* NodePicker.swift in Sources */ = {isa = PBXBuildFile; fileRef = E92F9EF5260D9F0C0092216F /* NodePicker.swift */; };
		E92F9F09260D9F110092216F /* NodeView.swift in Sources */ = {isa = PBXBuildFile; fileRef = E92F9EFE260D9F110092216F /* NodeView.swift */; };
		E92F9F0A260D9F110092216F /* NodeLayer.swift in Sources */ = {isa = PBXBuildFile; fileRef = E92F9EFF260D9F110092216F /* NodeLayer.swift */; };
		E92F9F0B260D9F110092216F /* KnotView.swift in Sources */ = {isa = PBXBuildFile; fileRef = E92F9F00260D9F110092216F /* KnotView.swift */; };
		E92F9F0C260D9F110092216F /* MarkdownContent.swift in Sources */ = {isa = PBXBuildFile; fileRef = E92F9F02260D9F110092216F /* MarkdownContent.swift */; };
		E92F9F0D260D9F110092216F /* NodeContentView.swift in Sources */ = {isa = PBXBuildFile; fileRef = E92F9F03260D9F110092216F /* NodeContentView.swift */; };
		E92F9F0E260D9F110092216F /* MarkdownView.swift in Sources */ = {isa = PBXBuildFile; fileRef = E92F9F04260D9F110092216F /* MarkdownView.swift */; };
		E92F9F11260D9F110092216F /* ImageContent.swift in Sources */ = {isa = PBXBuildFile; fileRef = E92F9F07260D9F110092216F /* ImageContent.swift */; };
		E92F9F12260D9F110092216F /* SoundContent.swift in Sources */ = {isa = PBXBuildFile; fileRef = E92F9F08260D9F110092216F /* SoundContent.swift */; };
		E92F9F18260D9F210092216F /* LinkLayer.swift in Sources */ = {isa = PBXBuildFile; fileRef = E92F9F16260D9F210092216F /* LinkLayer.swift */; };
		E92F9F19260D9F210092216F /* LinkView.swift in Sources */ = {isa = PBXBuildFile; fileRef = E92F9F17260D9F210092216F /* LinkView.swift */; };
		E92F9F21260D9F2D0092216F /* ToolLayer.swift in Sources */ = {isa = PBXBuildFile; fileRef = E92F9F1D260D9F2D0092216F /* ToolLayer.swift */; };
		E92F9F22260D9F2D0092216F /* SearchView.swift in Sources */ = {isa = PBXBuildFile; fileRef = E92F9F1E260D9F2D0092216F /* SearchView.swift */; };
		E92F9F23260D9F2D0092216F /* SearchBar.swift in Sources */ = {isa = PBXBuildFile; fileRef = E92F9F1F260D9F2D0092216F /* SearchBar.swift */; };
		E92F9F39260D9F3A0092216F /* HandleView.swift in Sources */ = {isa = PBXBuildFile; fileRef = E92F9F2A260D9F3A0092216F /* HandleView.swift */; };
		E92F9F3A260D9F3A0092216F /* RoundedCorner.swift in Sources */ = {isa = PBXBuildFile; fileRef = E92F9F2B260D9F3A0092216F /* RoundedCorner.swift */; };
		E92F9F3B260D9F3A0092216F /* BlurView.swift in Sources */ = {isa = PBXBuildFile; fileRef = E92F9F2C260D9F3A0092216F /* BlurView.swift */; };
		E92F9F3C260D9F3A0092216F /* SearchNavigation.swift in Sources */ = {isa = PBXBuildFile; fileRef = E92F9F2D260D9F3A0092216F /* SearchNavigation.swift */; };
		E92F9F3D260D9F3A0092216F /* LightButtonStyle.swift in Sources */ = {isa = PBXBuildFile; fileRef = E92F9F2E260D9F3A0092216F /* LightButtonStyle.swift */; };
		E92F9F3E260D9F3A0092216F /* imageList.swift in Sources */ = {isa = PBXBuildFile; fileRef = E92F9F2F260D9F3A0092216F /* imageList.swift */; };
		E92F9F3F260D9F3A0092216F /* MapView.swift in Sources */ = {isa = PBXBuildFile; fileRef = E92F9F30260D9F3A0092216F /* MapView.swift */; };
		E92F9F40260D9F3A0092216F /* ActionButtonBackgroundStyle.swift in Sources */ = {isa = PBXBuildFile; fileRef = E92F9F31260D9F3A0092216F /* ActionButtonBackgroundStyle.swift */; };
		E92F9F41260D9F3A0092216F /* RoundedBackgroundModifier.swift in Sources */ = {isa = PBXBuildFile; fileRef = E92F9F32260D9F3A0092216F /* RoundedBackgroundModifier.swift */; };
		E92F9F42260D9F3A0092216F /* DragModifier.swift in Sources */ = {isa = PBXBuildFile; fileRef = E92F9F33260D9F3A0092216F /* DragModifier.swift */; };
		E92F9F43260D9F3A0092216F /* ShadowModifier.swift in Sources */ = {isa = PBXBuildFile; fileRef = E92F9F34260D9F3A0092216F /* ShadowModifier.swift */; };
		E92F9F44260D9F3A0092216F /* FormSheet.swift in Sources */ = {isa = PBXBuildFile; fileRef = E92F9F35260D9F3A0092216F /* FormSheet.swift */; };
		E92F9F45260D9F3A0092216F /* SlideOverCard.swift in Sources */ = {isa = PBXBuildFile; fileRef = E92F9F36260D9F3A0092216F /* SlideOverCard.swift */; };
		E92F9F46260D9F3A0092216F /* RoundedButtonStyle.swift in Sources */ = {isa = PBXBuildFile; fileRef = E92F9F37260D9F3A0092216F /* RoundedButtonStyle.swift */; };
		E92F9F47260D9F3A0092216F /* SheetHeight.swift in Sources */ = {isa = PBXBuildFile; fileRef = E92F9F38260D9F3A0092216F /* SheetHeight.swift */; };
		E92F9F4D260D9F4F0092216F /* Test.swift in Sources */ = {isa = PBXBuildFile; fileRef = E92F9F4B260D9F4F0092216F /* Test.swift */; };
		E92F9F4E260D9F4F0092216F /* Test.swift in Sources */ = {isa = PBXBuildFile; fileRef = E92F9F4B260D9F4F0092216F /* Test.swift */; };
		E92F9F4F260D9F4F0092216F /* Upload.swift in Sources */ = {isa = PBXBuildFile; fileRef = E92F9F4C260D9F4F0092216F /* Upload.swift */; };
		E92F9F50260D9F4F0092216F /* Upload.swift in Sources */ = {isa = PBXBuildFile; fileRef = E92F9F4C260D9F4F0092216F /* Upload.swift */; };
		E92F9F56260D9F560092216F /* Constant.swift in Sources */ = {isa = PBXBuildFile; fileRef = E92F9F54260D9F560092216F /* Constant.swift */; };
		E92F9F57260D9F560092216F /* Constant.swift in Sources */ = {isa = PBXBuildFile; fileRef = E92F9F54260D9F560092216F /* Constant.swift */; };
		E92F9F58260D9F560092216F /* Extensions.swift in Sources */ = {isa = PBXBuildFile; fileRef = E92F9F55260D9F560092216F /* Extensions.swift */; };
		E92F9F59260D9F560092216F /* Extensions.swift in Sources */ = {isa = PBXBuildFile; fileRef = E92F9F55260D9F560092216F /* Extensions.swift */; };
		E92F9F7C260DA0230092216F /* InfoPlist.strings in Resources */ = {isa = PBXBuildFile; fileRef = E92F9F7E260DA0230092216F /* InfoPlist.strings */; };
		E92F9F88260DA0370092216F /* Localizable.strings in Resources */ = {isa = PBXBuildFile; fileRef = E92F9F8A260DA0370092216F /* Localizable.strings */; };
		E958D319260DA4F20045FA42 /* Alamofire in Frameworks */ = {isa = PBXBuildFile; productRef = E958D318260DA4F20045FA42 /* Alamofire */; };
		E958D31E260DA9000045FA42 /* Kingfisher in Frameworks */ = {isa = PBXBuildFile; productRef = E958D31D260DA9000045FA42 /* Kingfisher */; };
		E958D322260DB1C00045FA42 /* Node.swift in Sources */ = {isa = PBXBuildFile; fileRef = E958D321260DB1C00045FA42 /* Node.swift */; };
		E958D323260DB1C00045FA42 /* Node.swift in Sources */ = {isa = PBXBuildFile; fileRef = E958D321260DB1C00045FA42 /* Node.swift */; };
		E958D327260DB1C80045FA42 /* Link.swift in Sources */ = {isa = PBXBuildFile; fileRef = E958D326260DB1C80045FA42 /* Link.swift */; };
		E958D328260DB1C80045FA42 /* Link.swift in Sources */ = {isa = PBXBuildFile; fileRef = E958D326260DB1C80045FA42 /* Link.swift */; };
		E958D32C260DB1D30045FA42 /* NodeContent.swift in Sources */ = {isa = PBXBuildFile; fileRef = E958D32B260DB1D30045FA42 /* NodeContent.swift */; };
		E958D32D260DB1D30045FA42 /* NodeContent.swift in Sources */ = {isa = PBXBuildFile; fileRef = E958D32B260DB1D30045FA42 /* NodeContent.swift */; };
		E95BF17C2624370C00D071EA /* SoftView.swift in Sources */ = {isa = PBXBuildFile; fileRef = E95BF17B2624370C00D071EA /* SoftView.swift */; };
		E95BF18026248FAD00D071EA /* GradientText.swift in Sources */ = {isa = PBXBuildFile; fileRef = E95BF17F26248FAD00D071EA /* GradientText.swift */; };
		E95BF1842624958300D071EA /* LoadingView.swift in Sources */ = {isa = PBXBuildFile; fileRef = E95BF1832624958300D071EA /* LoadingView.swift */; };
		E95BF188262563F000D071EA /* ImageList.swift in Sources */ = {isa = PBXBuildFile; fileRef = E95BF187262563F000D071EA /* ImageList.swift */; };
		E95BF1982625D5EE00D071EA /* Introspect in Frameworks */ = {isa = PBXBuildFile; productRef = E95BF1972625D5EE00D071EA /* Introspect */; };
		E9611817264D62AE00B2F125 /* StyleView.swift in Sources */ = {isa = PBXBuildFile; fileRef = E9611816264D62AE00B2F125 /* StyleView.swift */; };
		E985A1A4264FFA7E00E4B8F0 /* RefView.swift in Sources */ = {isa = PBXBuildFile; fileRef = E985A1A3264FFA7E00E4B8F0 /* RefView.swift */; };
		E985A1AA265252E000E4B8F0 /* Style.swift in Sources */ = {isa = PBXBuildFile; fileRef = E985A1A9265252E000E4B8F0 /* Style.swift */; };
		E985A1AB265252E000E4B8F0 /* Style.swift in Sources */ = {isa = PBXBuildFile; fileRef = E985A1A9265252E000E4B8F0 /* Style.swift */; };
		E985A1B12652A18200E4B8F0 /* CheckboxStyle.swift in Sources */ = {isa = PBXBuildFile; fileRef = E985A1B02652A18200E4B8F0 /* CheckboxStyle.swift */; };
		E985A1B22652A18200E4B8F0 /* CheckboxStyle.swift in Sources */ = {isa = PBXBuildFile; fileRef = E985A1B02652A18200E4B8F0 /* CheckboxStyle.swift */; };
		E985A1B82652C9A900E4B8F0 /* IfModifier.swift in Sources */ = {isa = PBXBuildFile; fileRef = E985A1B72652C9A900E4B8F0 /* IfModifier.swift */; };
		E985A1B92652C9A900E4B8F0 /* IfModifier.swift in Sources */ = {isa = PBXBuildFile; fileRef = E985A1B72652C9A900E4B8F0 /* IfModifier.swift */; };
		E985A1BF26539E8100E4B8F0 /* ImageSinglePicker.swift in Sources */ = {isa = PBXBuildFile; fileRef = E985A1BE26539E8100E4B8F0 /* ImageSinglePicker.swift */; };
		E985A1C026539E8100E4B8F0 /* ImageSinglePicker.swift in Sources */ = {isa = PBXBuildFile; fileRef = E985A1BE26539E8100E4B8F0 /* ImageSinglePicker.swift */; };
		E985A1C72653B94100E4B8F0 /* MarkdownUI in Frameworks */ = {isa = PBXBuildFile; productRef = E985A1C62653B94100E4B8F0 /* MarkdownUI */; };
		E98771162627341F00AF5C79 /* AutoSave.swift in Sources */ = {isa = PBXBuildFile; fileRef = E98771152627341F00AF5C79 /* AutoSave.swift */; };
		E98771172627341F00AF5C79 /* AutoSave.swift in Sources */ = {isa = PBXBuildFile; fileRef = E98771152627341F00AF5C79 /* AutoSave.swift */; };
		E987711D26273B0200AF5C79 /* SoundWave.swift in Sources */ = {isa = PBXBuildFile; fileRef = E987711C26273B0200AF5C79 /* SoundWave.swift */; };
		E98771242629A2DF00AF5C79 /* FrequencyShape.swift in Sources */ = {isa = PBXBuildFile; fileRef = E98771232629A2DF00AF5C79 /* FrequencyShape.swift */; };
		E98B6977261B2B7300A5BAF8 /* SearchCell.swift in Sources */ = {isa = PBXBuildFile; fileRef = E98B6976261B2B7300A5BAF8 /* SearchCell.swift */; };
		E99512B6260F8E1400FA2CA7 /* LinkPath.swift in Sources */ = {isa = PBXBuildFile; fileRef = E99512B5260F8E1400FA2CA7 /* LinkPath.swift */; };
		E99512C22610E19800FA2CA7 /* SetHome.swift in Sources */ = {isa = PBXBuildFile; fileRef = E99512C12610E19800FA2CA7 /* SetHome.swift */; };
		E99512CA2611B47E00FA2CA7 /* AppState.swift in Sources */ = {isa = PBXBuildFile; fileRef = E99512C92611B47E00FA2CA7 /* AppState.swift */; };
		E99512CB2611B47E00FA2CA7 /* AppState.swift in Sources */ = {isa = PBXBuildFile; fileRef = E99512C92611B47E00FA2CA7 /* AppState.swift */; };
		E99512D32611ED7200FA2CA7 /* Operation.swift in Sources */ = {isa = PBXBuildFile; fileRef = E99512D22611ED7200FA2CA7 /* Operation.swift */; };
		E99512D42611ED7200FA2CA7 /* Operation.swift in Sources */ = {isa = PBXBuildFile; fileRef = E99512D22611ED7200FA2CA7 /* Operation.swift */; };
		E995474A2646822D0052F89F /* GlobalmodeView.swift in Sources */ = {isa = PBXBuildFile; fileRef = E99547492646822D0052F89F /* GlobalmodeView.swift */; };
		E9A069A9261ED91D0013CAEA /* SoundShape.swift in Sources */ = {isa = PBXBuildFile; fileRef = E9A069A8261ED91D0013CAEA /* SoundShape.swift */; };
		E9BD433F2616C095002148FA /* TimePicker.swift in Sources */ = {isa = PBXBuildFile; fileRef = E9BD433E2616C095002148FA /* TimePicker.swift */; };
		E9BD43442616F9C8002148FA /* AboutView.swift in Sources */ = {isa = PBXBuildFile; fileRef = E9BD43432616F9C8002148FA /* AboutView.swift */; };
		E9C2AAA82656827F00494754 /* MdInputAccessoryView.swift in Sources */ = {isa = PBXBuildFile; fileRef = E9C2AAA72656827F00494754 /* MdInputAccessoryView.swift */; };
		E9C2AAB22656A24400494754 /* TfAccessoryView.swift in Sources */ = {isa = PBXBuildFile; fileRef = E9C2AAB12656A24400494754 /* TfAccessoryView.swift */; };
		E9DA418D263400DE002508C1 /* AetherSpaceTests.swift in Sources */ = {isa = PBXBuildFile; fileRef = E9DA418C263400DE002508C1 /* AetherSpaceTests.swift */; };
		E9DA41A226340ADB002508C1 /* AetherSpaceUITests.swift in Sources */ = {isa = PBXBuildFile; fileRef = E9DA41A126340ADB002508C1 /* AetherSpaceUITests.swift */; };
		E9E06E10261C40B800817066 /* NodeDropDelegate.swift in Sources */ = {isa = PBXBuildFile; fileRef = E9E06E0F261C40B800817066 /* NodeDropDelegate.swift */; };
		E9E06E11261C40B800817066 /* NodeDropDelegate.swift in Sources */ = {isa = PBXBuildFile; fileRef = E9E06E0F261C40B800817066 /* NodeDropDelegate.swift */; };
		E9E06E2A261DF5D600817066 /* FodderCell.swift in Sources */ = {isa = PBXBuildFile; fileRef = E9E06E29261DF5D600817066 /* FodderCell.swift */; };
		E9E06E30261DF6D600817066 /* ToolPanel.swift in Sources */ = {isa = PBXBuildFile; fileRef = E9E06E2F261DF6D600817066 /* ToolPanel.swift */; };
		E9E06E34261DF6E200817066 /* FodderPanel.swift in Sources */ = {isa = PBXBuildFile; fileRef = E9E06E33261DF6E200817066 /* FodderPanel.swift */; };
		E9F9503626207A950004F5D6 /* ScrollableView.swift in Sources */ = {isa = PBXBuildFile; fileRef = E9F9503526207A940004F5D6 /* ScrollableView.swift */; };
/* End PBXBuildFile section */

/* Begin PBXContainerItemProxy section */
		E9DA418F263400DE002508C1 /* PBXContainerItemProxy */ = {
			isa = PBXContainerItemProxy;
			containerPortal = E92F9E9F260D9E110092216F /* Project object */;
			proxyType = 1;
			remoteGlobalIDString = E92F9EAB260D9E130092216F;
			remoteInfo = "AetherSpace (iOS)";
		};
		E9DA41A426340ADB002508C1 /* PBXContainerItemProxy */ = {
			isa = PBXContainerItemProxy;
			containerPortal = E92F9E9F260D9E110092216F /* Project object */;
			proxyType = 1;
			remoteGlobalIDString = E92F9EAB260D9E130092216F;
			remoteInfo = "AetherSpace (iOS)";
		};
/* End PBXContainerItemProxy section */

/* Begin PBXCopyFilesBuildPhase section */
		E985A1E3265501B100E4B8F0 /* Embed App Extensions */ = {
			isa = PBXCopyFilesBuildPhase;
			buildActionMask = 2147483647;
			dstPath = "";
			dstSubfolderSpec = 13;
			files = (
			);
			name = "Embed App Extensions";
			runOnlyForDeploymentPostprocessing = 0;
		};
/* End PBXCopyFilesBuildPhase section */

/* Begin PBXFileReference section */
		E91BBA34262AD5960005DBD9 /* SoundPlayer.swift */ = {isa = PBXFileReference; lastKnownFileType = sourcecode.swift; path = SoundPlayer.swift; sourceTree = "<group>"; };
		E91C1840264B9314006D6795 /* SpaceEditor.swift */ = {isa = PBXFileReference; lastKnownFileType = sourcecode.swift; path = SpaceEditor.swift; sourceTree = "<group>"; };
		E91C184A264B9377006D6795 /* LocalmodeView.swift */ = {isa = PBXFileReference; lastKnownFileType = sourcecode.swift; path = LocalmodeView.swift; sourceTree = "<group>"; };
		E92F9EA4260D9E110092216F /* AetherSpaceApp.swift */ = {isa = PBXFileReference; lastKnownFileType = sourcecode.swift; path = AetherSpaceApp.swift; sourceTree = "<group>"; };
		E92F9EA5260D9E110092216F /* AetherSpaceDocument.swift */ = {isa = PBXFileReference; lastKnownFileType = sourcecode.swift; path = AetherSpaceDocument.swift; sourceTree = "<group>"; };
		E92F9EA6260D9E110092216F /* ContentView.swift */ = {isa = PBXFileReference; lastKnownFileType = sourcecode.swift; path = ContentView.swift; sourceTree = "<group>"; };
		E92F9EA7260D9E130092216F /* Assets.xcassets */ = {isa = PBXFileReference; lastKnownFileType = folder.assetcatalog; path = Assets.xcassets; sourceTree = "<group>"; };
		E92F9EAC260D9E130092216F /* AetherSpace.app */ = {isa = PBXFileReference; explicitFileType = wrapper.application; includeInIndex = 0; path = AetherSpace.app; sourceTree = BUILT_PRODUCTS_DIR; };
		E92F9EAF260D9E130092216F /* Info.plist */ = {isa = PBXFileReference; lastKnownFileType = text.plist.xml; path = Info.plist; sourceTree = "<group>"; };
		E92F9EB4260D9E130092216F /* AetherSpace.app */ = {isa = PBXFileReference; explicitFileType = wrapper.application; includeInIndex = 0; path = AetherSpace.app; sourceTree = BUILT_PRODUCTS_DIR; };
		E92F9EB6260D9E130092216F /* Info.plist */ = {isa = PBXFileReference; lastKnownFileType = text.plist.xml; path = Info.plist; sourceTree = "<group>"; };
		E92F9EB7260D9E130092216F /* macOS.entitlements */ = {isa = PBXFileReference; lastKnownFileType = text.plist.entitlements; path = macOS.entitlements; sourceTree = "<group>"; };
		E92F9ECA260D9EA60092216F /* Space.swift */ = {isa = PBXFileReference; fileEncoding = 4; lastKnownFileType = sourcecode.swift; path = Space.swift; sourceTree = "<group>"; };
		E92F9ECF260D9EAA0092216F /* SpaceVM.swift */ = {isa = PBXFileReference; fileEncoding = 4; lastKnownFileType = sourcecode.swift; path = SpaceVM.swift; sourceTree = "<group>"; };
		E92F9ED4260D9EAF0092216F /* PositionVM.swift */ = {isa = PBXFileReference; fileEncoding = 4; lastKnownFileType = sourcecode.swift; path = PositionVM.swift; sourceTree = "<group>"; };
		E92F9EEC260D9F070092216F /* Background.swift */ = {isa = PBXFileReference; fileEncoding = 4; lastKnownFileType = sourcecode.swift; path = Background.swift; sourceTree = "<group>"; };
		E92F9EF1260D9F0C0092216F /* DocumentPicker.swift */ = {isa = PBXFileReference; fileEncoding = 4; lastKnownFileType = sourcecode.swift; path = DocumentPicker.swift; sourceTree = "<group>"; };
		E92F9EF2260D9F0C0092216F /* AddContent.swift */ = {isa = PBXFileReference; fileEncoding = 4; lastKnownFileType = sourcecode.swift; path = AddContent.swift; sourceTree = "<group>"; };
		E92F9EF3260D9F0C0092216F /* ImagePicker.swift */ = {isa = PBXFileReference; fileEncoding = 4; lastKnownFileType = sourcecode.swift; path = ImagePicker.swift; sourceTree = "<group>"; };
		E92F9EF4260D9F0C0092216F /* NodeTrigger.swift */ = {isa = PBXFileReference; fileEncoding = 4; lastKnownFileType = sourcecode.swift; path = NodeTrigger.swift; sourceTree = "<group>"; };
		E92F9EF5260D9F0C0092216F /* NodePicker.swift */ = {isa = PBXFileReference; fileEncoding = 4; lastKnownFileType = sourcecode.swift; path = NodePicker.swift; sourceTree = "<group>"; };
		E92F9EFE260D9F110092216F /* NodeView.swift */ = {isa = PBXFileReference; fileEncoding = 4; lastKnownFileType = sourcecode.swift; path = NodeView.swift; sourceTree = "<group>"; };
		E92F9EFF260D9F110092216F /* NodeLayer.swift */ = {isa = PBXFileReference; fileEncoding = 4; lastKnownFileType = sourcecode.swift; path = NodeLayer.swift; sourceTree = "<group>"; };
		E92F9F00260D9F110092216F /* KnotView.swift */ = {isa = PBXFileReference; fileEncoding = 4; lastKnownFileType = sourcecode.swift; path = KnotView.swift; sourceTree = "<group>"; };
		E92F9F02260D9F110092216F /* MarkdownContent.swift */ = {isa = PBXFileReference; fileEncoding = 4; lastKnownFileType = sourcecode.swift; path = MarkdownContent.swift; sourceTree = "<group>"; };
		E92F9F03260D9F110092216F /* NodeContentView.swift */ = {isa = PBXFileReference; fileEncoding = 4; lastKnownFileType = sourcecode.swift; path = NodeContentView.swift; sourceTree = "<group>"; };
		E92F9F04260D9F110092216F /* MarkdownView.swift */ = {isa = PBXFileReference; fileEncoding = 4; lastKnownFileType = sourcecode.swift; path = MarkdownView.swift; sourceTree = "<group>"; };
		E92F9F07260D9F110092216F /* ImageContent.swift */ = {isa = PBXFileReference; fileEncoding = 4; lastKnownFileType = sourcecode.swift; path = ImageContent.swift; sourceTree = "<group>"; };
		E92F9F08260D9F110092216F /* SoundContent.swift */ = {isa = PBXFileReference; fileEncoding = 4; lastKnownFileType = sourcecode.swift; path = SoundContent.swift; sourceTree = "<group>"; };
		E92F9F16260D9F210092216F /* LinkLayer.swift */ = {isa = PBXFileReference; fileEncoding = 4; lastKnownFileType = sourcecode.swift; path = LinkLayer.swift; sourceTree = "<group>"; };
		E92F9F17260D9F210092216F /* LinkView.swift */ = {isa = PBXFileReference; fileEncoding = 4; lastKnownFileType = sourcecode.swift; path = LinkView.swift; sourceTree = "<group>"; };
		E92F9F1D260D9F2D0092216F /* ToolLayer.swift */ = {isa = PBXFileReference; fileEncoding = 4; lastKnownFileType = sourcecode.swift; path = ToolLayer.swift; sourceTree = "<group>"; };
		E92F9F1E260D9F2D0092216F /* SearchView.swift */ = {isa = PBXFileReference; fileEncoding = 4; lastKnownFileType = sourcecode.swift; path = SearchView.swift; sourceTree = "<group>"; };
		E92F9F1F260D9F2D0092216F /* SearchBar.swift */ = {isa = PBXFileReference; fileEncoding = 4; lastKnownFileType = sourcecode.swift; path = SearchBar.swift; sourceTree = "<group>"; };
		E92F9F2A260D9F3A0092216F /* HandleView.swift */ = {isa = PBXFileReference; fileEncoding = 4; lastKnownFileType = sourcecode.swift; path = HandleView.swift; sourceTree = "<group>"; };
		E92F9F2B260D9F3A0092216F /* RoundedCorner.swift */ = {isa = PBXFileReference; fileEncoding = 4; lastKnownFileType = sourcecode.swift; path = RoundedCorner.swift; sourceTree = "<group>"; };
		E92F9F2C260D9F3A0092216F /* BlurView.swift */ = {isa = PBXFileReference; fileEncoding = 4; lastKnownFileType = sourcecode.swift; path = BlurView.swift; sourceTree = "<group>"; };
		E92F9F2D260D9F3A0092216F /* SearchNavigation.swift */ = {isa = PBXFileReference; fileEncoding = 4; lastKnownFileType = sourcecode.swift; path = SearchNavigation.swift; sourceTree = "<group>"; };
		E92F9F2E260D9F3A0092216F /* LightButtonStyle.swift */ = {isa = PBXFileReference; fileEncoding = 4; lastKnownFileType = sourcecode.swift; path = LightButtonStyle.swift; sourceTree = "<group>"; };
		E92F9F2F260D9F3A0092216F /* imageList.swift */ = {isa = PBXFileReference; fileEncoding = 4; lastKnownFileType = sourcecode.swift; path = imageList.swift; sourceTree = "<group>"; };
		E92F9F30260D9F3A0092216F /* MapView.swift */ = {isa = PBXFileReference; fileEncoding = 4; lastKnownFileType = sourcecode.swift; path = MapView.swift; sourceTree = "<group>"; };
		E92F9F31260D9F3A0092216F /* ActionButtonBackgroundStyle.swift */ = {isa = PBXFileReference; fileEncoding = 4; lastKnownFileType = sourcecode.swift; path = ActionButtonBackgroundStyle.swift; sourceTree = "<group>"; };
		E92F9F32260D9F3A0092216F /* RoundedBackgroundModifier.swift */ = {isa = PBXFileReference; fileEncoding = 4; lastKnownFileType = sourcecode.swift; path = RoundedBackgroundModifier.swift; sourceTree = "<group>"; };
		E92F9F33260D9F3A0092216F /* DragModifier.swift */ = {isa = PBXFileReference; fileEncoding = 4; lastKnownFileType = sourcecode.swift; path = DragModifier.swift; sourceTree = "<group>"; };
		E92F9F34260D9F3A0092216F /* ShadowModifier.swift */ = {isa = PBXFileReference; fileEncoding = 4; lastKnownFileType = sourcecode.swift; path = ShadowModifier.swift; sourceTree = "<group>"; };
		E92F9F35260D9F3A0092216F /* FormSheet.swift */ = {isa = PBXFileReference; fileEncoding = 4; lastKnownFileType = sourcecode.swift; path = FormSheet.swift; sourceTree = "<group>"; };
		E92F9F36260D9F3A0092216F /* SlideOverCard.swift */ = {isa = PBXFileReference; fileEncoding = 4; lastKnownFileType = sourcecode.swift; path = SlideOverCard.swift; sourceTree = "<group>"; };
		E92F9F37260D9F3A0092216F /* RoundedButtonStyle.swift */ = {isa = PBXFileReference; fileEncoding = 4; lastKnownFileType = sourcecode.swift; path = RoundedButtonStyle.swift; sourceTree = "<group>"; };
		E92F9F38260D9F3A0092216F /* SheetHeight.swift */ = {isa = PBXFileReference; fileEncoding = 4; lastKnownFileType = sourcecode.swift; path = SheetHeight.swift; sourceTree = "<group>"; };
		E92F9F4B260D9F4F0092216F /* Test.swift */ = {isa = PBXFileReference; fileEncoding = 4; lastKnownFileType = sourcecode.swift; path = Test.swift; sourceTree = "<group>"; };
		E92F9F4C260D9F4F0092216F /* Upload.swift */ = {isa = PBXFileReference; fileEncoding = 4; lastKnownFileType = sourcecode.swift; path = Upload.swift; sourceTree = "<group>"; };
		E92F9F54260D9F560092216F /* Constant.swift */ = {isa = PBXFileReference; fileEncoding = 4; lastKnownFileType = sourcecode.swift; path = Constant.swift; sourceTree = "<group>"; };
		E92F9F55260D9F560092216F /* Extensions.swift */ = {isa = PBXFileReference; fileEncoding = 4; lastKnownFileType = sourcecode.swift; path = Extensions.swift; sourceTree = "<group>"; };
		E92F9F7D260DA0230092216F /* en */ = {isa = PBXFileReference; lastKnownFileType = text.plist.strings; name = en; path = en.lproj/InfoPlist.strings; sourceTree = "<group>"; };
		E92F9F81260DA0250092216F /* zh-Hans */ = {isa = PBXFileReference; lastKnownFileType = text.plist.strings; name = "zh-Hans"; path = "zh-Hans.lproj/InfoPlist.strings"; sourceTree = "<group>"; };
		E92F9F89260DA0370092216F /* en */ = {isa = PBXFileReference; lastKnownFileType = text.plist.strings; name = en; path = en.lproj/Localizable.strings; sourceTree = "<group>"; };
		E92F9F8D260DA0390092216F /* zh-Hans */ = {isa = PBXFileReference; lastKnownFileType = text.plist.strings; name = "zh-Hans"; path = "zh-Hans.lproj/Localizable.strings"; sourceTree = "<group>"; };
		E958D321260DB1C00045FA42 /* Node.swift */ = {isa = PBXFileReference; lastKnownFileType = sourcecode.swift; path = Node.swift; sourceTree = "<group>"; };
		E958D326260DB1C80045FA42 /* Link.swift */ = {isa = PBXFileReference; lastKnownFileType = sourcecode.swift; path = Link.swift; sourceTree = "<group>"; };
		E958D32B260DB1D30045FA42 /* NodeContent.swift */ = {isa = PBXFileReference; lastKnownFileType = sourcecode.swift; path = NodeContent.swift; sourceTree = "<group>"; };
		E95BF17B2624370C00D071EA /* SoftView.swift */ = {isa = PBXFileReference; lastKnownFileType = sourcecode.swift; path = SoftView.swift; sourceTree = "<group>"; };
		E95BF17F26248FAD00D071EA /* GradientText.swift */ = {isa = PBXFileReference; lastKnownFileType = sourcecode.swift; path = GradientText.swift; sourceTree = "<group>"; };
		E95BF1832624958300D071EA /* LoadingView.swift */ = {isa = PBXFileReference; lastKnownFileType = sourcecode.swift; path = LoadingView.swift; sourceTree = "<group>"; };
		E95BF187262563F000D071EA /* ImageList.swift */ = {isa = PBXFileReference; fileEncoding = 4; lastKnownFileType = sourcecode.swift; path = ImageList.swift; sourceTree = "<group>"; };
		E9611816264D62AE00B2F125 /* StyleView.swift */ = {isa = PBXFileReference; lastKnownFileType = sourcecode.swift; path = StyleView.swift; sourceTree = "<group>"; };
		E9759672264B971E00F695B2 /* README.md */ = {isa = PBXFileReference; lastKnownFileType = net.daringfireball.markdown; path = README.md; sourceTree = "<group>"; };
		E985A1A3264FFA7E00E4B8F0 /* RefView.swift */ = {isa = PBXFileReference; lastKnownFileType = sourcecode.swift; path = RefView.swift; sourceTree = "<group>"; };
		E985A1A9265252E000E4B8F0 /* Style.swift */ = {isa = PBXFileReference; lastKnownFileType = sourcecode.swift; path = Style.swift; sourceTree = "<group>"; };
		E985A1B02652A18200E4B8F0 /* CheckboxStyle.swift */ = {isa = PBXFileReference; lastKnownFileType = sourcecode.swift; path = CheckboxStyle.swift; sourceTree = "<group>"; };
		E985A1B72652C9A900E4B8F0 /* IfModifier.swift */ = {isa = PBXFileReference; lastKnownFileType = sourcecode.swift; path = IfModifier.swift; sourceTree = "<group>"; };
		E985A1BE26539E8100E4B8F0 /* ImageSinglePicker.swift */ = {isa = PBXFileReference; lastKnownFileType = sourcecode.swift; path = ImageSinglePicker.swift; sourceTree = "<group>"; };
		E98771152627341F00AF5C79 /* AutoSave.swift */ = {isa = PBXFileReference; lastKnownFileType = sourcecode.swift; path = AutoSave.swift; sourceTree = "<group>"; };
		E987711C26273B0200AF5C79 /* SoundWave.swift */ = {isa = PBXFileReference; lastKnownFileType = sourcecode.swift; path = SoundWave.swift; sourceTree = "<group>"; };
		E98771232629A2DF00AF5C79 /* FrequencyShape.swift */ = {isa = PBXFileReference; lastKnownFileType = sourcecode.swift; path = FrequencyShape.swift; sourceTree = "<group>"; };
		E98B6976261B2B7300A5BAF8 /* SearchCell.swift */ = {isa = PBXFileReference; lastKnownFileType = sourcecode.swift; path = SearchCell.swift; sourceTree = "<group>"; };
		E99512B5260F8E1400FA2CA7 /* LinkPath.swift */ = {isa = PBXFileReference; lastKnownFileType = sourcecode.swift; path = LinkPath.swift; sourceTree = "<group>"; };
		E99512C12610E19800FA2CA7 /* SetHome.swift */ = {isa = PBXFileReference; fileEncoding = 4; lastKnownFileType = sourcecode.swift; path = SetHome.swift; sourceTree = "<group>"; };
		E99512C92611B47E00FA2CA7 /* AppState.swift */ = {isa = PBXFileReference; lastKnownFileType = sourcecode.swift; path = AppState.swift; sourceTree = "<group>"; };
		E99512D22611ED7200FA2CA7 /* Operation.swift */ = {isa = PBXFileReference; lastKnownFileType = sourcecode.swift; path = Operation.swift; sourceTree = "<group>"; };
		E99547492646822D0052F89F /* GlobalmodeView.swift */ = {isa = PBXFileReference; lastKnownFileType = sourcecode.swift; path = GlobalmodeView.swift; sourceTree = "<group>"; };
		E9A069A8261ED91D0013CAEA /* SoundShape.swift */ = {isa = PBXFileReference; lastKnownFileType = sourcecode.swift; path = SoundShape.swift; sourceTree = "<group>"; };
		E9BD433E2616C095002148FA /* TimePicker.swift */ = {isa = PBXFileReference; lastKnownFileType = sourcecode.swift; path = TimePicker.swift; sourceTree = "<group>"; };
		E9BD43432616F9C8002148FA /* AboutView.swift */ = {isa = PBXFileReference; lastKnownFileType = sourcecode.swift; path = AboutView.swift; sourceTree = "<group>"; };
		E9C2AAA72656827F00494754 /* MdInputAccessoryView.swift */ = {isa = PBXFileReference; lastKnownFileType = sourcecode.swift; path = MdInputAccessoryView.swift; sourceTree = "<group>"; };
		E9C2AAB12656A24400494754 /* TfAccessoryView.swift */ = {isa = PBXFileReference; lastKnownFileType = sourcecode.swift; path = TfAccessoryView.swift; sourceTree = "<group>"; };
		E9DA418A263400DE002508C1 /* AetherSpaceTests.xctest */ = {isa = PBXFileReference; explicitFileType = wrapper.cfbundle; includeInIndex = 0; path = AetherSpaceTests.xctest; sourceTree = BUILT_PRODUCTS_DIR; };
		E9DA418C263400DE002508C1 /* AetherSpaceTests.swift */ = {isa = PBXFileReference; lastKnownFileType = sourcecode.swift; path = AetherSpaceTests.swift; sourceTree = "<group>"; };
		E9DA418E263400DE002508C1 /* Info.plist */ = {isa = PBXFileReference; lastKnownFileType = text.plist.xml; path = Info.plist; sourceTree = "<group>"; };
		E9DA419F26340ADB002508C1 /* AetherSpaceUITests.xctest */ = {isa = PBXFileReference; explicitFileType = wrapper.cfbundle; includeInIndex = 0; path = AetherSpaceUITests.xctest; sourceTree = BUILT_PRODUCTS_DIR; };
		E9DA41A126340ADB002508C1 /* AetherSpaceUITests.swift */ = {isa = PBXFileReference; lastKnownFileType = sourcecode.swift; path = AetherSpaceUITests.swift; sourceTree = "<group>"; };
		E9DA41A326340ADB002508C1 /* Info.plist */ = {isa = PBXFileReference; lastKnownFileType = text.plist.xml; path = Info.plist; sourceTree = "<group>"; };
		E9E06E0F261C40B800817066 /* NodeDropDelegate.swift */ = {isa = PBXFileReference; lastKnownFileType = sourcecode.swift; path = NodeDropDelegate.swift; sourceTree = "<group>"; };
		E9E06E29261DF5D600817066 /* FodderCell.swift */ = {isa = PBXFileReference; lastKnownFileType = sourcecode.swift; path = FodderCell.swift; sourceTree = "<group>"; };
		E9E06E2F261DF6D600817066 /* ToolPanel.swift */ = {isa = PBXFileReference; lastKnownFileType = sourcecode.swift; path = ToolPanel.swift; sourceTree = "<group>"; };
		E9E06E33261DF6E200817066 /* FodderPanel.swift */ = {isa = PBXFileReference; lastKnownFileType = sourcecode.swift; path = FodderPanel.swift; sourceTree = "<group>"; };
		E9F9503526207A940004F5D6 /* ScrollableView.swift */ = {isa = PBXFileReference; lastKnownFileType = sourcecode.swift; path = ScrollableView.swift; sourceTree = "<group>"; };
/* End PBXFileReference section */

/* Begin PBXFrameworksBuildPhase section */
		E92F9EA9260D9E130092216F /* Frameworks */ = {
			isa = PBXFrameworksBuildPhase;
			buildActionMask = 2147483647;
			files = (
				E958D31E260DA9000045FA42 /* Kingfisher in Frameworks */,
				E95BF1982625D5EE00D071EA /* Introspect in Frameworks */,
				E958D319260DA4F20045FA42 /* Alamofire in Frameworks */,
				E985A1C72653B94100E4B8F0 /* MarkdownUI in Frameworks */,
			);
			runOnlyForDeploymentPostprocessing = 0;
		};
		E92F9EB1260D9E130092216F /* Frameworks */ = {
			isa = PBXFrameworksBuildPhase;
			buildActionMask = 2147483647;
			files = (
			);
			runOnlyForDeploymentPostprocessing = 0;
		};
		E9DA4187263400DE002508C1 /* Frameworks */ = {
			isa = PBXFrameworksBuildPhase;
			buildActionMask = 2147483647;
			files = (
			);
			runOnlyForDeploymentPostprocessing = 0;
		};
		E9DA419C26340ADB002508C1 /* Frameworks */ = {
			isa = PBXFrameworksBuildPhase;
			buildActionMask = 2147483647;
			files = (
			);
			runOnlyForDeploymentPostprocessing = 0;
		};
/* End PBXFrameworksBuildPhase section */

/* Begin PBXGroup section */
		E92F9E9E260D9E110092216F = {
			isa = PBXGroup;
			children = (
				E9759672264B971E00F695B2 /* README.md */,
				E92F9EA3260D9E110092216F /* Shared */,
				E92F9EAE260D9E130092216F /* iOS */,
				E92F9EB5260D9E130092216F /* macOS */,
				E9DA418B263400DE002508C1 /* AetherSpaceTests */,
				E9DA41A026340ADB002508C1 /* AetherSpaceUITests */,
				E92F9EAD260D9E130092216F /* Products */,
			);
			sourceTree = "<group>";
		};
		E92F9EA3260D9E110092216F /* Shared */ = {
			isa = PBXGroup;
			children = (
				E92F9EA4260D9E110092216F /* AetherSpaceApp.swift */,
				E92F9EA6260D9E110092216F /* ContentView.swift */,
				E92F9F8E260DA07B0092216F /* Model */,
				E92F9F53260D9F560092216F /* Utils */,
				E92F9F4A260D9F4F0092216F /* Network */,
				E92F9EA7260D9E130092216F /* Assets.xcassets */,
			);
			path = Shared;
			sourceTree = "<group>";
		};
		E92F9EAD260D9E130092216F /* Products */ = {
			isa = PBXGroup;
			children = (
				E92F9EAC260D9E130092216F /* AetherSpace.app */,
				E92F9EB4260D9E130092216F /* AetherSpace.app */,
				E9DA418A263400DE002508C1 /* AetherSpaceTests.xctest */,
				E9DA419F26340ADB002508C1 /* AetherSpaceUITests.xctest */,
			);
			name = Products;
			sourceTree = "<group>";
		};
		E92F9EAE260D9E130092216F /* iOS */ = {
			isa = PBXGroup;
			children = (
				E91C1840264B9314006D6795 /* SpaceEditor.swift */,
				E99547492646822D0052F89F /* GlobalmodeView.swift */,
				E91C184A264B9377006D6795 /* LocalmodeView.swift */,
				E9BD43422616F9AD002148FA /* SetHome */,
				E92F9EF0260D9F0C0092216F /* NodePicker */,
				E92F9EFD260D9F110092216F /* NodeLayer */,
				E92F9F15260D9F210092216F /* LinkLayer */,
				E92F9F1C260D9F2D0092216F /* ToolLayer */,
				E92F9F29260D9F3A0092216F /* Helpers */,
				E92F9EAF260D9E130092216F /* Info.plist */,
				E92F9F7E260DA0230092216F /* InfoPlist.strings */,
				E92F9F8A260DA0370092216F /* Localizable.strings */,
			);
			path = iOS;
			sourceTree = "<group>";
		};
		E92F9EB5260D9E130092216F /* macOS */ = {
			isa = PBXGroup;
			children = (
				E92F9EB6260D9E130092216F /* Info.plist */,
				E92F9EB7260D9E130092216F /* macOS.entitlements */,
			);
			path = macOS;
			sourceTree = "<group>";
		};
		E92F9EF0260D9F0C0092216F /* NodePicker */ = {
			isa = PBXGroup;
			children = (
				E92F9EEC260D9F070092216F /* Background.swift */,
				E92F9EF4260D9F0C0092216F /* NodeTrigger.swift */,
				E92F9EF5260D9F0C0092216F /* NodePicker.swift */,
				E92F9EF2260D9F0C0092216F /* AddContent.swift */,
				E92F9EF1260D9F0C0092216F /* DocumentPicker.swift */,
				E92F9EF3260D9F0C0092216F /* ImagePicker.swift */,
				E9C2AAB12656A24400494754 /* TfAccessoryView.swift */,
			);
			path = NodePicker;
			sourceTree = "<group>";
		};
		E92F9EFD260D9F110092216F /* NodeLayer */ = {
			isa = PBXGroup;
			children = (
				E92F9EFF260D9F110092216F /* NodeLayer.swift */,
				E92F9EFE260D9F110092216F /* NodeView.swift */,
				E92F9F00260D9F110092216F /* KnotView.swift */,
				E92F9F01260D9F110092216F /* NodeContent */,
			);
			path = NodeLayer;
			sourceTree = "<group>";
		};
		E92F9F01260D9F110092216F /* NodeContent */ = {
			isa = PBXGroup;
			children = (
				E92F9F03260D9F110092216F /* NodeContentView.swift */,
				E92F9F04260D9F110092216F /* MarkdownView.swift */,
				E92F9F02260D9F110092216F /* MarkdownContent.swift */,
				E9C2AAA72656827F00494754 /* MdInputAccessoryView.swift */,
				E9E06E33261DF6E200817066 /* FodderPanel.swift */,
				E9E06E29261DF5D600817066 /* FodderCell.swift */,
				E9E06E2F261DF6D600817066 /* ToolPanel.swift */,
				E92F9F07260D9F110092216F /* ImageContent.swift */,
				E95BF187262563F000D071EA /* ImageList.swift */,
				E92F9F08260D9F110092216F /* SoundContent.swift */,
				E9A069A8261ED91D0013CAEA /* SoundShape.swift */,
				E98771232629A2DF00AF5C79 /* FrequencyShape.swift */,
				E985A1BE26539E8100E4B8F0 /* ImageSinglePicker.swift */,
			);
			path = NodeContent;
			sourceTree = "<group>";
		};
		E92F9F15260D9F210092216F /* LinkLayer */ = {
			isa = PBXGroup;
			children = (
				E92F9F16260D9F210092216F /* LinkLayer.swift */,
				E92F9F17260D9F210092216F /* LinkView.swift */,
				E99512B5260F8E1400FA2CA7 /* LinkPath.swift */,
			);
			path = LinkLayer;
			sourceTree = "<group>";
		};
		E92F9F1C260D9F2D0092216F /* ToolLayer */ = {
			isa = PBXGroup;
			children = (
				E92F9F1D260D9F2D0092216F /* ToolLayer.swift */,
				E92F9F1F260D9F2D0092216F /* SearchBar.swift */,
				E92F9F1E260D9F2D0092216F /* SearchView.swift */,
				E98B6976261B2B7300A5BAF8 /* SearchCell.swift */,
				E9611816264D62AE00B2F125 /* StyleView.swift */,
			);
			path = ToolLayer;
			sourceTree = "<group>";
		};
		E92F9F29260D9F3A0092216F /* Helpers */ = {
			isa = PBXGroup;
			children = (
				E92F9F2A260D9F3A0092216F /* HandleView.swift */,
				E92F9F2B260D9F3A0092216F /* RoundedCorner.swift */,
				E92F9F2C260D9F3A0092216F /* BlurView.swift */,
				E92F9F2D260D9F3A0092216F /* SearchNavigation.swift */,
				E92F9F2E260D9F3A0092216F /* LightButtonStyle.swift */,
				E92F9F2F260D9F3A0092216F /* imageList.swift */,
				E92F9F30260D9F3A0092216F /* MapView.swift */,
				E92F9F31260D9F3A0092216F /* ActionButtonBackgroundStyle.swift */,
				E92F9F32260D9F3A0092216F /* RoundedBackgroundModifier.swift */,
				E92F9F33260D9F3A0092216F /* DragModifier.swift */,
				E92F9F34260D9F3A0092216F /* ShadowModifier.swift */,
				E92F9F35260D9F3A0092216F /* FormSheet.swift */,
				E92F9F36260D9F3A0092216F /* SlideOverCard.swift */,
				E92F9F37260D9F3A0092216F /* RoundedButtonStyle.swift */,
				E92F9F38260D9F3A0092216F /* SheetHeight.swift */,
				E9BD433E2616C095002148FA /* TimePicker.swift */,
				E9F9503526207A940004F5D6 /* ScrollableView.swift */,
				E95BF17B2624370C00D071EA /* SoftView.swift */,
				E95BF17F26248FAD00D071EA /* GradientText.swift */,
				E95BF1832624958300D071EA /* LoadingView.swift */,
				E987711C26273B0200AF5C79 /* SoundWave.swift */,
				E985A1A3264FFA7E00E4B8F0 /* RefView.swift */,
				E985A1B02652A18200E4B8F0 /* CheckboxStyle.swift */,
				E985A1B72652C9A900E4B8F0 /* IfModifier.swift */,
			);
			path = Helpers;
			sourceTree = "<group>";
		};
		E92F9F4A260D9F4F0092216F /* Network */ = {
			isa = PBXGroup;
			children = (
				E92F9F4B260D9F4F0092216F /* Test.swift */,
				E92F9F4C260D9F4F0092216F /* Upload.swift */,
			);
			path = Network;
			sourceTree = "<group>";
		};
		E92F9F53260D9F560092216F /* Utils */ = {
			isa = PBXGroup;
			children = (
				E92F9F54260D9F560092216F /* Constant.swift */,
				E92F9F55260D9F560092216F /* Extensions.swift */,
			);
			path = Utils;
			sourceTree = "<group>";
		};
		E92F9F8E260DA07B0092216F /* Model */ = {
			isa = PBXGroup;
			children = (
				E92F9EA5260D9E110092216F /* AetherSpaceDocument.swift */,
				E99512C92611B47E00FA2CA7 /* AppState.swift */,
				E92F9ECA260D9EA60092216F /* Space.swift */,
				E958D321260DB1C00045FA42 /* Node.swift */,
				E958D32B260DB1D30045FA42 /* NodeContent.swift */,
				E958D326260DB1C80045FA42 /* Link.swift */,
				E99512D22611ED7200FA2CA7 /* Operation.swift */,
				E92F9ECF260D9EAA0092216F /* SpaceVM.swift */,
				E92F9ED4260D9EAF0092216F /* PositionVM.swift */,
				E9E06E0F261C40B800817066 /* NodeDropDelegate.swift */,
				E98771152627341F00AF5C79 /* AutoSave.swift */,
				E91BBA34262AD5960005DBD9 /* SoundPlayer.swift */,
				E985A1A9265252E000E4B8F0 /* Style.swift */,
			);
			path = Model;
			sourceTree = "<group>";
		};
		E9BD43422616F9AD002148FA /* SetHome */ = {
			isa = PBXGroup;
			children = (
				E99512C12610E19800FA2CA7 /* SetHome.swift */,
				E9BD43432616F9C8002148FA /* AboutView.swift */,
			);
			path = SetHome;
			sourceTree = "<group>";
		};
		E9DA418B263400DE002508C1 /* AetherSpaceTests */ = {
			isa = PBXGroup;
			children = (
				E9DA418C263400DE002508C1 /* AetherSpaceTests.swift */,
				E9DA418E263400DE002508C1 /* Info.plist */,
			);
			path = AetherSpaceTests;
			sourceTree = "<group>";
		};
		E9DA41A026340ADB002508C1 /* AetherSpaceUITests */ = {
			isa = PBXGroup;
			children = (
				E9DA41A126340ADB002508C1 /* AetherSpaceUITests.swift */,
				E9DA41A326340ADB002508C1 /* Info.plist */,
			);
			path = AetherSpaceUITests;
			sourceTree = "<group>";
		};
/* End PBXGroup section */

/* Begin PBXNativeTarget section */
		E92F9EAB260D9E130092216F /* AetherSpace (iOS) */ = {
			isa = PBXNativeTarget;
			buildConfigurationList = E92F9EC2260D9E130092216F /* Build configuration list for PBXNativeTarget "AetherSpace (iOS)" */;
			buildPhases = (
				E92F9EA8260D9E130092216F /* Sources */,
				E92F9EA9260D9E130092216F /* Frameworks */,
				E92F9EAA260D9E130092216F /* Resources */,
				E958D334260DC59F0045FA42 /* ShellScript */,
				E985A1E3265501B100E4B8F0 /* Embed App Extensions */,
			);
			buildRules = (
			);
			dependencies = (
			);
			name = "AetherSpace (iOS)";
			packageProductDependencies = (
				E958D318260DA4F20045FA42 /* Alamofire */,
				E958D31D260DA9000045FA42 /* Kingfisher */,
				E95BF1972625D5EE00D071EA /* Introspect */,
				E985A1C62653B94100E4B8F0 /* MarkdownUI */,
			);
			productName = "AetherSpace (iOS)";
			productReference = E92F9EAC260D9E130092216F /* AetherSpace.app */;
			productType = "com.apple.product-type.application";
		};
		E92F9EB3260D9E130092216F /* AetherSpace (macOS) */ = {
			isa = PBXNativeTarget;
			buildConfigurationList = E92F9EC5260D9E130092216F /* Build configuration list for PBXNativeTarget "AetherSpace (macOS)" */;
			buildPhases = (
				E92F9EB0260D9E130092216F /* Sources */,
				E92F9EB1260D9E130092216F /* Frameworks */,
				E92F9EB2260D9E130092216F /* Resources */,
			);
			buildRules = (
			);
			dependencies = (
			);
			name = "AetherSpace (macOS)";
			productName = "AetherSpace (macOS)";
			productReference = E92F9EB4260D9E130092216F /* AetherSpace.app */;
			productType = "com.apple.product-type.application";
		};
		E9DA4189263400DE002508C1 /* AetherSpaceTests */ = {
			isa = PBXNativeTarget;
			buildConfigurationList = E9DA4193263400DF002508C1 /* Build configuration list for PBXNativeTarget "AetherSpaceTests" */;
			buildPhases = (
				E9DA4186263400DE002508C1 /* Sources */,
				E9DA4187263400DE002508C1 /* Frameworks */,
				E9DA4188263400DE002508C1 /* Resources */,
			);
			buildRules = (
			);
			dependencies = (
				E9DA4190263400DE002508C1 /* PBXTargetDependency */,
			);
			name = AetherSpaceTests;
			productName = AetherSpaceTests;
			productReference = E9DA418A263400DE002508C1 /* AetherSpaceTests.xctest */;
			productType = "com.apple.product-type.bundle.unit-test";
		};
		E9DA419E26340ADB002508C1 /* AetherSpaceUITests */ = {
			isa = PBXNativeTarget;
			buildConfigurationList = E9DA41A626340ADB002508C1 /* Build configuration list for PBXNativeTarget "AetherSpaceUITests" */;
			buildPhases = (
				E9DA419B26340ADB002508C1 /* Sources */,
				E9DA419C26340ADB002508C1 /* Frameworks */,
				E9DA419D26340ADB002508C1 /* Resources */,
			);
			buildRules = (
			);
			dependencies = (
				E9DA41A526340ADB002508C1 /* PBXTargetDependency */,
			);
			name = AetherSpaceUITests;
			productName = AetherSpaceUITests;
			productReference = E9DA419F26340ADB002508C1 /* AetherSpaceUITests.xctest */;
			productType = "com.apple.product-type.bundle.ui-testing";
		};
/* End PBXNativeTarget section */

/* Begin PBXProject section */
		E92F9E9F260D9E110092216F /* Project object */ = {
			isa = PBXProject;
			attributes = {
				LastSwiftUpdateCheck = 1240;
				LastUpgradeCheck = 1240;
				TargetAttributes = {
					E92F9EAB260D9E130092216F = {
						CreatedOnToolsVersion = 12.4;
					};
					E92F9EB3260D9E130092216F = {
						CreatedOnToolsVersion = 12.4;
					};
					E9DA4189263400DE002508C1 = {
						CreatedOnToolsVersion = 12.4;
						TestTargetID = E92F9EAB260D9E130092216F;
					};
					E9DA419E26340ADB002508C1 = {
						CreatedOnToolsVersion = 12.4;
						TestTargetID = E92F9EAB260D9E130092216F;
					};
				};
			};
			buildConfigurationList = E92F9EA2260D9E110092216F /* Build configuration list for PBXProject "AetherSpace" */;
			compatibilityVersion = "Xcode 9.3";
			developmentRegion = en;
			hasScannedForEncodings = 0;
			knownRegions = (
				en,
				Base,
				"zh-Hans",
			);
			mainGroup = E92F9E9E260D9E110092216F;
			packageReferences = (
				E958D317260DA4F20045FA42 /* XCRemoteSwiftPackageReference "Alamofire" */,
				E958D31C260DA9000045FA42 /* XCRemoteSwiftPackageReference "Kingfisher" */,
				E95BF1962625D5EE00D071EA /* XCRemoteSwiftPackageReference "SwiftUI-Introspect" */,
				E985A1C52653B94000E4B8F0 /* XCRemoteSwiftPackageReference "MarkdownUI" */,
			);
			productRefGroup = E92F9EAD260D9E130092216F /* Products */;
			projectDirPath = "";
			projectRoot = "";
			targets = (
				E92F9EAB260D9E130092216F /* AetherSpace (iOS) */,
				E92F9EB3260D9E130092216F /* AetherSpace (macOS) */,
				E9DA4189263400DE002508C1 /* AetherSpaceTests */,
				E9DA419E26340ADB002508C1 /* AetherSpaceUITests */,
			);
		};
/* End PBXProject section */

/* Begin PBXResourcesBuildPhase section */
		E92F9EAA260D9E130092216F /* Resources */ = {
			isa = PBXResourcesBuildPhase;
			buildActionMask = 2147483647;
			files = (
				E92F9EBE260D9E130092216F /* Assets.xcassets in Resources */,
				E92F9F88260DA0370092216F /* Localizable.strings in Resources */,
				E92F9F7C260DA0230092216F /* InfoPlist.strings in Resources */,
			);
			runOnlyForDeploymentPostprocessing = 0;
		};
		E92F9EB2260D9E130092216F /* Resources */ = {
			isa = PBXResourcesBuildPhase;
			buildActionMask = 2147483647;
			files = (
				E92F9EBF260D9E130092216F /* Assets.xcassets in Resources */,
			);
			runOnlyForDeploymentPostprocessing = 0;
		};
		E9DA4188263400DE002508C1 /* Resources */ = {
			isa = PBXResourcesBuildPhase;
			buildActionMask = 2147483647;
			files = (
			);
			runOnlyForDeploymentPostprocessing = 0;
		};
		E9DA419D26340ADB002508C1 /* Resources */ = {
			isa = PBXResourcesBuildPhase;
			buildActionMask = 2147483647;
			files = (
			);
			runOnlyForDeploymentPostprocessing = 0;
		};
/* End PBXResourcesBuildPhase section */

/* Begin PBXShellScriptBuildPhase section */
		E958D334260DC59F0045FA42 /* ShellScript */ = {
			isa = PBXShellScriptBuildPhase;
			buildActionMask = 2147483647;
			files = (
			);
			inputFileListPaths = (
			);
			inputPaths = (
			);
			outputFileListPaths = (
			);
			outputPaths = (
			);
			runOnlyForDeploymentPostprocessing = 0;
			shellPath = /bin/sh;
			shellScript = "# Type a script or drag a script file from your workspace to insert its path.\nif which swift-format >/dev/null; then\n    swift-format -m format -i --configuration ${PROJECT_DIR}/myConfiguration.json -r ${PROJECT_DIR}\nelse\n    echo \"warning: swift-format not installed\"\nfi\n";
		};
/* End PBXShellScriptBuildPhase section */

/* Begin PBXSourcesBuildPhase section */
		E92F9EA8260D9E130092216F /* Sources */ = {
			isa = PBXSourcesBuildPhase;
			buildActionMask = 2147483647;
			files = (
				E995474A2646822D0052F89F /* GlobalmodeView.swift in Sources */,
				E92F9EBA260D9E130092216F /* AetherSpaceDocument.swift in Sources */,
				E9611817264D62AE00B2F125 /* StyleView.swift in Sources */,
				E92F9ED5260D9EAF0092216F /* PositionVM.swift in Sources */,
				E985A1AA265252E000E4B8F0 /* Style.swift in Sources */,
				E9C2AAA82656827F00494754 /* MdInputAccessoryView.swift in Sources */,
				E92F9F0E260D9F110092216F /* MarkdownView.swift in Sources */,
				E92F9F4F260D9F4F0092216F /* Upload.swift in Sources */,
				E98B6977261B2B7300A5BAF8 /* SearchCell.swift in Sources */,
				E985A1B82652C9A900E4B8F0 /* IfModifier.swift in Sources */,
				E98771242629A2DF00AF5C79 /* FrequencyShape.swift in Sources */,
				E91C1841264B9314006D6795 /* SpaceEditor.swift in Sources */,
				E958D322260DB1C00045FA42 /* Node.swift in Sources */,
				E92F9F41260D9F3A0092216F /* RoundedBackgroundModifier.swift in Sources */,
				E9BD433F2616C095002148FA /* TimePicker.swift in Sources */,
				E99512CA2611B47E00FA2CA7 /* AppState.swift in Sources */,
				E92F9EFA260D9F0C0092216F /* NodePicker.swift in Sources */,
				E92F9F3F260D9F3A0092216F /* MapView.swift in Sources */,
				E95BF18026248FAD00D071EA /* GradientText.swift in Sources */,
				E92F9F42260D9F3A0092216F /* DragModifier.swift in Sources */,
				E92F9F3A260D9F3A0092216F /* RoundedCorner.swift in Sources */,
				E92F9EF9260D9F0C0092216F /* NodeTrigger.swift in Sources */,
				E92F9F46260D9F3A0092216F /* RoundedButtonStyle.swift in Sources */,
				E92F9EB8260D9E130092216F /* AetherSpaceApp.swift in Sources */,
				E9E06E30261DF6D600817066 /* ToolPanel.swift in Sources */,
				E92F9F4D260D9F4F0092216F /* Test.swift in Sources */,
				E92F9F12260D9F110092216F /* SoundContent.swift in Sources */,
				E9F9503626207A950004F5D6 /* ScrollableView.swift in Sources */,
				E98771162627341F00AF5C79 /* AutoSave.swift in Sources */,
				E92F9F40260D9F3A0092216F /* ActionButtonBackgroundStyle.swift in Sources */,
				E92F9F21260D9F2D0092216F /* ToolLayer.swift in Sources */,
				E92F9F19260D9F210092216F /* LinkView.swift in Sources */,
				E985A1B12652A18200E4B8F0 /* CheckboxStyle.swift in Sources */,
				E9C2AAB22656A24400494754 /* TfAccessoryView.swift in Sources */,
				E987711D26273B0200AF5C79 /* SoundWave.swift in Sources */,
				E92F9F18260D9F210092216F /* LinkLayer.swift in Sources */,
				E92F9ECB260D9EA60092216F /* Space.swift in Sources */,
				E92F9EED260D9F070092216F /* Background.swift in Sources */,
				E9BD43442616F9C8002148FA /* AboutView.swift in Sources */,
				E9A069A9261ED91D0013CAEA /* SoundShape.swift in Sources */,
				E99512C22610E19800FA2CA7 /* SetHome.swift in Sources */,
				E99512D32611ED7200FA2CA7 /* Operation.swift in Sources */,
				E95BF17C2624370C00D071EA /* SoftView.swift in Sources */,
				E92F9ED0260D9EAB0092216F /* SpaceVM.swift in Sources */,
				E92F9EF7260D9F0C0092216F /* AddContent.swift in Sources */,
				E92F9F3D260D9F3A0092216F /* LightButtonStyle.swift in Sources */,
				E91C184B264B9377006D6795 /* LocalmodeView.swift in Sources */,
				E99512B6260F8E1400FA2CA7 /* LinkPath.swift in Sources */,
				E92F9F3E260D9F3A0092216F /* imageList.swift in Sources */,
				E9E06E2A261DF5D600817066 /* FodderCell.swift in Sources */,
				E958D327260DB1C80045FA42 /* Link.swift in Sources */,
				E92F9F23260D9F2D0092216F /* SearchBar.swift in Sources */,
				E92F9EF8260D9F0C0092216F /* ImagePicker.swift in Sources */,
				E9E06E34261DF6E200817066 /* FodderPanel.swift in Sources */,
				E92F9F0C260D9F110092216F /* MarkdownContent.swift in Sources */,
				E92F9F39260D9F3A0092216F /* HandleView.swift in Sources */,
				E92F9EF6260D9F0C0092216F /* DocumentPicker.swift in Sources */,
				E91BBA35262AD5960005DBD9 /* SoundPlayer.swift in Sources */,
				E95BF1842624958300D071EA /* LoadingView.swift in Sources */,
				E95BF188262563F000D071EA /* ImageList.swift in Sources */,
				E92F9F3C260D9F3A0092216F /* SearchNavigation.swift in Sources */,
				E92F9F56260D9F560092216F /* Constant.swift in Sources */,
				E985A1BF26539E8100E4B8F0 /* ImageSinglePicker.swift in Sources */,
				E92F9F11260D9F110092216F /* ImageContent.swift in Sources */,
				E92F9F3B260D9F3A0092216F /* BlurView.swift in Sources */,
				E92F9F0A260D9F110092216F /* NodeLayer.swift in Sources */,
				E92F9EBC260D9E130092216F /* ContentView.swift in Sources */,
				E958D32C260DB1D30045FA42 /* NodeContent.swift in Sources */,
				E92F9F22260D9F2D0092216F /* SearchView.swift in Sources */,
				E92F9F0D260D9F110092216F /* NodeContentView.swift in Sources */,
				E92F9F09260D9F110092216F /* NodeView.swift in Sources */,
				E9E06E10261C40B800817066 /* NodeDropDelegate.swift in Sources */,
				E92F9F45260D9F3A0092216F /* SlideOverCard.swift in Sources */,
				E985A1A4264FFA7E00E4B8F0 /* RefView.swift in Sources */,
				E92F9F44260D9F3A0092216F /* FormSheet.swift in Sources */,
				E92F9F43260D9F3A0092216F /* ShadowModifier.swift in Sources */,
				E92F9F0B260D9F110092216F /* KnotView.swift in Sources */,
				E92F9F47260D9F3A0092216F /* SheetHeight.swift in Sources */,
				E92F9F58260D9F560092216F /* Extensions.swift in Sources */,
			);
			runOnlyForDeploymentPostprocessing = 0;
		};
		E92F9EB0260D9E130092216F /* Sources */ = {
			isa = PBXSourcesBuildPhase;
			buildActionMask = 2147483647;
			files = (
				E985A1C026539E8100E4B8F0 /* ImageSinglePicker.swift in Sources */,
				E92F9EBB260D9E130092216F /* AetherSpaceDocument.swift in Sources */,
				E92F9ED6260D9EAF0092216F /* PositionVM.swift in Sources */,
				E92F9F57260D9F560092216F /* Constant.swift in Sources */,
				E958D32D260DB1D30045FA42 /* NodeContent.swift in Sources */,
				E958D328260DB1C80045FA42 /* Link.swift in Sources */,
				E958D323260DB1C00045FA42 /* Node.swift in Sources */,
				E985A1B22652A18200E4B8F0 /* CheckboxStyle.swift in Sources */,
				E91BBA36262AD5960005DBD9 /* SoundPlayer.swift in Sources */,
				E92F9EB9260D9E130092216F /* AetherSpaceApp.swift in Sources */,
				E92F9F4E260D9F4F0092216F /* Test.swift in Sources */,
				E99512D42611ED7200FA2CA7 /* Operation.swift in Sources */,
				E92F9F59260D9F560092216F /* Extensions.swift in Sources */,
				E99512CB2611B47E00FA2CA7 /* AppState.swift in Sources */,
				E92F9F50260D9F4F0092216F /* Upload.swift in Sources */,
				E98771172627341F00AF5C79 /* AutoSave.swift in Sources */,
				E92F9ECC260D9EA60092216F /* Space.swift in Sources */,
				E92F9ED1260D9EAB0092216F /* SpaceVM.swift in Sources */,
				E9E06E11261C40B800817066 /* NodeDropDelegate.swift in Sources */,
				E985A1B92652C9A900E4B8F0 /* IfModifier.swift in Sources */,
				E92F9EBD260D9E130092216F /* ContentView.swift in Sources */,
				E985A1AB265252E000E4B8F0 /* Style.swift in Sources */,
			);
			runOnlyForDeploymentPostprocessing = 0;
		};
		E9DA4186263400DE002508C1 /* Sources */ = {
			isa = PBXSourcesBuildPhase;
			buildActionMask = 2147483647;
			files = (
				E9DA418D263400DE002508C1 /* AetherSpaceTests.swift in Sources */,
			);
			runOnlyForDeploymentPostprocessing = 0;
		};
		E9DA419B26340ADB002508C1 /* Sources */ = {
			isa = PBXSourcesBuildPhase;
			buildActionMask = 2147483647;
			files = (
				E9DA41A226340ADB002508C1 /* AetherSpaceUITests.swift in Sources */,
			);
			runOnlyForDeploymentPostprocessing = 0;
		};
/* End PBXSourcesBuildPhase section */

/* Begin PBXTargetDependency section */
		E9DA4190263400DE002508C1 /* PBXTargetDependency */ = {
			isa = PBXTargetDependency;
			target = E92F9EAB260D9E130092216F /* AetherSpace (iOS) */;
			targetProxy = E9DA418F263400DE002508C1 /* PBXContainerItemProxy */;
		};
		E9DA41A526340ADB002508C1 /* PBXTargetDependency */ = {
			isa = PBXTargetDependency;
			target = E92F9EAB260D9E130092216F /* AetherSpace (iOS) */;
			targetProxy = E9DA41A426340ADB002508C1 /* PBXContainerItemProxy */;
		};
/* End PBXTargetDependency section */

/* Begin PBXVariantGroup section */
		E92F9F7E260DA0230092216F /* InfoPlist.strings */ = {
			isa = PBXVariantGroup;
			children = (
				E92F9F7D260DA0230092216F /* en */,
				E92F9F81260DA0250092216F /* zh-Hans */,
			);
			name = InfoPlist.strings;
			sourceTree = "<group>";
		};
		E92F9F8A260DA0370092216F /* Localizable.strings */ = {
			isa = PBXVariantGroup;
			children = (
				E92F9F89260DA0370092216F /* en */,
				E92F9F8D260DA0390092216F /* zh-Hans */,
			);
			name = Localizable.strings;
			sourceTree = "<group>";
		};
/* End PBXVariantGroup section */

/* Begin XCBuildConfiguration section */
		E92F9EC0260D9E130092216F /* Debug */ = {
			isa = XCBuildConfiguration;
			buildSettings = {
				ALWAYS_SEARCH_USER_PATHS = NO;
				CLANG_ANALYZER_NONNULL = YES;
				CLANG_ANALYZER_NUMBER_OBJECT_CONVERSION = YES_AGGRESSIVE;
				CLANG_CXX_LANGUAGE_STANDARD = "gnu++14";
				CLANG_CXX_LIBRARY = "libc++";
				CLANG_ENABLE_MODULES = YES;
				CLANG_ENABLE_OBJC_ARC = YES;
				CLANG_ENABLE_OBJC_WEAK = YES;
				CLANG_WARN_BLOCK_CAPTURE_AUTORELEASING = YES;
				CLANG_WARN_BOOL_CONVERSION = YES;
				CLANG_WARN_COMMA = YES;
				CLANG_WARN_CONSTANT_CONVERSION = YES;
				CLANG_WARN_DEPRECATED_OBJC_IMPLEMENTATIONS = YES;
				CLANG_WARN_DIRECT_OBJC_ISA_USAGE = YES_ERROR;
				CLANG_WARN_DOCUMENTATION_COMMENTS = YES;
				CLANG_WARN_EMPTY_BODY = YES;
				CLANG_WARN_ENUM_CONVERSION = YES;
				CLANG_WARN_INFINITE_RECURSION = YES;
				CLANG_WARN_INT_CONVERSION = YES;
				CLANG_WARN_NON_LITERAL_NULL_CONVERSION = YES;
				CLANG_WARN_OBJC_IMPLICIT_RETAIN_SELF = YES;
				CLANG_WARN_OBJC_LITERAL_CONVERSION = YES;
				CLANG_WARN_OBJC_ROOT_CLASS = YES_ERROR;
				CLANG_WARN_QUOTED_INCLUDE_IN_FRAMEWORK_HEADER = YES;
				CLANG_WARN_RANGE_LOOP_ANALYSIS = YES;
				CLANG_WARN_STRICT_PROTOTYPES = YES;
				CLANG_WARN_SUSPICIOUS_MOVE = YES;
				CLANG_WARN_UNGUARDED_AVAILABILITY = YES_AGGRESSIVE;
				CLANG_WARN_UNREACHABLE_CODE = YES;
				CLANG_WARN__DUPLICATE_METHOD_MATCH = YES;
				COPY_PHASE_STRIP = NO;
				DEBUG_INFORMATION_FORMAT = dwarf;
				ENABLE_STRICT_OBJC_MSGSEND = YES;
				ENABLE_TESTABILITY = YES;
				GCC_C_LANGUAGE_STANDARD = gnu11;
				GCC_DYNAMIC_NO_PIC = NO;
				GCC_NO_COMMON_BLOCKS = YES;
				GCC_OPTIMIZATION_LEVEL = 0;
				GCC_PREPROCESSOR_DEFINITIONS = (
					"DEBUG=1",
					"$(inherited)",
				);
				GCC_WARN_64_TO_32_BIT_CONVERSION = YES;
				GCC_WARN_ABOUT_RETURN_TYPE = YES_ERROR;
				GCC_WARN_UNDECLARED_SELECTOR = YES;
				GCC_WARN_UNINITIALIZED_AUTOS = YES_AGGRESSIVE;
				GCC_WARN_UNUSED_FUNCTION = YES;
				GCC_WARN_UNUSED_VARIABLE = YES;
				MTL_ENABLE_DEBUG_INFO = INCLUDE_SOURCE;
				MTL_FAST_MATH = YES;
				ONLY_ACTIVE_ARCH = YES;
				SWIFT_ACTIVE_COMPILATION_CONDITIONS = DEBUG;
				SWIFT_OPTIMIZATION_LEVEL = "-Onone";
			};
			name = Debug;
		};
		E92F9EC1260D9E130092216F /* Release */ = {
			isa = XCBuildConfiguration;
			buildSettings = {
				ALWAYS_SEARCH_USER_PATHS = NO;
				CLANG_ANALYZER_NONNULL = YES;
				CLANG_ANALYZER_NUMBER_OBJECT_CONVERSION = YES_AGGRESSIVE;
				CLANG_CXX_LANGUAGE_STANDARD = "gnu++14";
				CLANG_CXX_LIBRARY = "libc++";
				CLANG_ENABLE_MODULES = YES;
				CLANG_ENABLE_OBJC_ARC = YES;
				CLANG_ENABLE_OBJC_WEAK = YES;
				CLANG_WARN_BLOCK_CAPTURE_AUTORELEASING = YES;
				CLANG_WARN_BOOL_CONVERSION = YES;
				CLANG_WARN_COMMA = YES;
				CLANG_WARN_CONSTANT_CONVERSION = YES;
				CLANG_WARN_DEPRECATED_OBJC_IMPLEMENTATIONS = YES;
				CLANG_WARN_DIRECT_OBJC_ISA_USAGE = YES_ERROR;
				CLANG_WARN_DOCUMENTATION_COMMENTS = YES;
				CLANG_WARN_EMPTY_BODY = YES;
				CLANG_WARN_ENUM_CONVERSION = YES;
				CLANG_WARN_INFINITE_RECURSION = YES;
				CLANG_WARN_INT_CONVERSION = YES;
				CLANG_WARN_NON_LITERAL_NULL_CONVERSION = YES;
				CLANG_WARN_OBJC_IMPLICIT_RETAIN_SELF = YES;
				CLANG_WARN_OBJC_LITERAL_CONVERSION = YES;
				CLANG_WARN_OBJC_ROOT_CLASS = YES_ERROR;
				CLANG_WARN_QUOTED_INCLUDE_IN_FRAMEWORK_HEADER = YES;
				CLANG_WARN_RANGE_LOOP_ANALYSIS = YES;
				CLANG_WARN_STRICT_PROTOTYPES = YES;
				CLANG_WARN_SUSPICIOUS_MOVE = YES;
				CLANG_WARN_UNGUARDED_AVAILABILITY = YES_AGGRESSIVE;
				CLANG_WARN_UNREACHABLE_CODE = YES;
				CLANG_WARN__DUPLICATE_METHOD_MATCH = YES;
				COPY_PHASE_STRIP = NO;
				DEBUG_INFORMATION_FORMAT = "dwarf-with-dsym";
				ENABLE_NS_ASSERTIONS = NO;
				ENABLE_STRICT_OBJC_MSGSEND = YES;
				GCC_C_LANGUAGE_STANDARD = gnu11;
				GCC_NO_COMMON_BLOCKS = YES;
				GCC_WARN_64_TO_32_BIT_CONVERSION = YES;
				GCC_WARN_ABOUT_RETURN_TYPE = YES_ERROR;
				GCC_WARN_UNDECLARED_SELECTOR = YES;
				GCC_WARN_UNINITIALIZED_AUTOS = YES_AGGRESSIVE;
				GCC_WARN_UNUSED_FUNCTION = YES;
				GCC_WARN_UNUSED_VARIABLE = YES;
				MTL_ENABLE_DEBUG_INFO = NO;
				MTL_FAST_MATH = YES;
				SWIFT_COMPILATION_MODE = wholemodule;
				SWIFT_OPTIMIZATION_LEVEL = "-O";
			};
			name = Release;
		};
		E92F9EC3260D9E130092216F /* Debug */ = {
			isa = XCBuildConfiguration;
			buildSettings = {
				ALWAYS_EMBED_SWIFT_STANDARD_LIBRARIES = YES;
				ASSETCATALOG_COMPILER_APPICON_NAME = AppIcon;
				ASSETCATALOG_COMPILER_GLOBAL_ACCENT_COLOR_NAME = AccentColor;
				CODE_SIGN_STYLE = Automatic;
				DEVELOPMENT_TEAM = GGX843SUB7;
				ENABLE_PREVIEWS = YES;
				INFOPLIST_FILE = iOS/Info.plist;
				IPHONEOS_DEPLOYMENT_TARGET = 14.0;
				LD_RUNPATH_SEARCH_PATHS = (
					"$(inherited)",
					"@executable_path/Frameworks",
				);
				PRODUCT_BUNDLE_IDENTIFIER = Aether.AetherSpace;
				PRODUCT_NAME = AetherSpace;
				SDKROOT = iphoneos;
				SWIFT_VERSION = 5.0;
				TARGETED_DEVICE_FAMILY = "1,2";
			};
			name = Debug;
		};
		E92F9EC4260D9E130092216F /* Release */ = {
			isa = XCBuildConfiguration;
			buildSettings = {
				ALWAYS_EMBED_SWIFT_STANDARD_LIBRARIES = YES;
				ASSETCATALOG_COMPILER_APPICON_NAME = AppIcon;
				ASSETCATALOG_COMPILER_GLOBAL_ACCENT_COLOR_NAME = AccentColor;
				CODE_SIGN_STYLE = Automatic;
				DEVELOPMENT_TEAM = GGX843SUB7;
				ENABLE_PREVIEWS = YES;
				INFOPLIST_FILE = iOS/Info.plist;
				IPHONEOS_DEPLOYMENT_TARGET = 14.0;
				LD_RUNPATH_SEARCH_PATHS = (
					"$(inherited)",
					"@executable_path/Frameworks",
				);
				PRODUCT_BUNDLE_IDENTIFIER = Aether.AetherSpace;
				PRODUCT_NAME = AetherSpace;
				SDKROOT = iphoneos;
				SWIFT_VERSION = 5.0;
				TARGETED_DEVICE_FAMILY = "1,2";
				VALIDATE_PRODUCT = YES;
			};
			name = Release;
		};
		E92F9EC6260D9E130092216F /* Debug */ = {
			isa = XCBuildConfiguration;
			buildSettings = {
				ASSETCATALOG_COMPILER_APPICON_NAME = AppIcon;
				ASSETCATALOG_COMPILER_GLOBAL_ACCENT_COLOR_NAME = AccentColor;
				CODE_SIGN_ENTITLEMENTS = macOS/macOS.entitlements;
				CODE_SIGN_STYLE = Automatic;
				COMBINE_HIDPI_IMAGES = YES;
				DEVELOPMENT_TEAM = GGX843SUB7;
				ENABLE_HARDENED_RUNTIME = YES;
				ENABLE_PREVIEWS = YES;
				INFOPLIST_FILE = macOS/Info.plist;
				LD_RUNPATH_SEARCH_PATHS = (
					"$(inherited)",
					"@executable_path/../Frameworks",
				);
				MACOSX_DEPLOYMENT_TARGET = 11.0;
				PRODUCT_BUNDLE_IDENTIFIER = Aether.AetherSpace;
				PRODUCT_NAME = AetherSpace;
				SDKROOT = macosx;
				SWIFT_VERSION = 5.0;
			};
			name = Debug;
		};
		E92F9EC7260D9E130092216F /* Release */ = {
			isa = XCBuildConfiguration;
			buildSettings = {
				ASSETCATALOG_COMPILER_APPICON_NAME = AppIcon;
				ASSETCATALOG_COMPILER_GLOBAL_ACCENT_COLOR_NAME = AccentColor;
				CODE_SIGN_ENTITLEMENTS = macOS/macOS.entitlements;
				CODE_SIGN_STYLE = Automatic;
				COMBINE_HIDPI_IMAGES = YES;
				DEVELOPMENT_TEAM = GGX843SUB7;
				ENABLE_HARDENED_RUNTIME = YES;
				ENABLE_PREVIEWS = YES;
				INFOPLIST_FILE = macOS/Info.plist;
				LD_RUNPATH_SEARCH_PATHS = (
					"$(inherited)",
					"@executable_path/../Frameworks",
				);
				MACOSX_DEPLOYMENT_TARGET = 11.0;
				PRODUCT_BUNDLE_IDENTIFIER = Aether.AetherSpace;
				PRODUCT_NAME = AetherSpace;
				SDKROOT = macosx;
				SWIFT_VERSION = 5.0;
			};
			name = Release;
		};
		E9DA4191263400DF002508C1 /* Debug */ = {
			isa = XCBuildConfiguration;
			buildSettings = {
				BUNDLE_LOADER = "$(TEST_HOST)";
				CODE_SIGN_STYLE = Automatic;
				DEVELOPMENT_TEAM = GGX843SUB7;
				INFOPLIST_FILE = AetherSpaceTests/Info.plist;
				IPHONEOS_DEPLOYMENT_TARGET = 14.4;
				LD_RUNPATH_SEARCH_PATHS = (
					"$(inherited)",
					"@executable_path/Frameworks",
					"@loader_path/Frameworks",
				);
				PRODUCT_BUNDLE_IDENTIFIER = Aether.AetherSpaceTests;
				PRODUCT_NAME = "$(TARGET_NAME)";
				SDKROOT = iphoneos;
				SWIFT_VERSION = 5.0;
				TARGETED_DEVICE_FAMILY = "1,2";
				TEST_HOST = "$(BUILT_PRODUCTS_DIR)/AetherSpace.app/AetherSpace";
			};
			name = Debug;
		};
		E9DA4192263400DF002508C1 /* Release */ = {
			isa = XCBuildConfiguration;
			buildSettings = {
				BUNDLE_LOADER = "$(TEST_HOST)";
				CODE_SIGN_STYLE = Automatic;
				DEVELOPMENT_TEAM = GGX843SUB7;
				INFOPLIST_FILE = AetherSpaceTests/Info.plist;
				IPHONEOS_DEPLOYMENT_TARGET = 14.4;
				LD_RUNPATH_SEARCH_PATHS = (
					"$(inherited)",
					"@executable_path/Frameworks",
					"@loader_path/Frameworks",
				);
				PRODUCT_BUNDLE_IDENTIFIER = Aether.AetherSpaceTests;
				PRODUCT_NAME = "$(TARGET_NAME)";
				SDKROOT = iphoneos;
				SWIFT_VERSION = 5.0;
				TARGETED_DEVICE_FAMILY = "1,2";
				TEST_HOST = "$(BUILT_PRODUCTS_DIR)/AetherSpace.app/AetherSpace";
				VALIDATE_PRODUCT = YES;
			};
			name = Release;
		};
		E9DA41A726340ADB002508C1 /* Debug */ = {
			isa = XCBuildConfiguration;
			buildSettings = {
				CODE_SIGN_STYLE = Automatic;
				DEVELOPMENT_TEAM = GGX843SUB7;
				INFOPLIST_FILE = AetherSpaceUITests/Info.plist;
				IPHONEOS_DEPLOYMENT_TARGET = 14.4;
				LD_RUNPATH_SEARCH_PATHS = (
					"$(inherited)",
					"@executable_path/Frameworks",
					"@loader_path/Frameworks",
				);
				PRODUCT_BUNDLE_IDENTIFIER = Aether.AetherSpaceUITests;
				PRODUCT_NAME = "$(TARGET_NAME)";
				SDKROOT = iphoneos;
				SWIFT_VERSION = 5.0;
				TARGETED_DEVICE_FAMILY = "1,2";
				TEST_TARGET_NAME = "AetherSpace (iOS)";
			};
			name = Debug;
		};
		E9DA41A826340ADB002508C1 /* Release */ = {
			isa = XCBuildConfiguration;
			buildSettings = {
				CODE_SIGN_STYLE = Automatic;
				DEVELOPMENT_TEAM = GGX843SUB7;
				INFOPLIST_FILE = AetherSpaceUITests/Info.plist;
				IPHONEOS_DEPLOYMENT_TARGET = 14.4;
				LD_RUNPATH_SEARCH_PATHS = (
					"$(inherited)",
					"@executable_path/Frameworks",
					"@loader_path/Frameworks",
				);
				PRODUCT_BUNDLE_IDENTIFIER = Aether.AetherSpaceUITests;
				PRODUCT_NAME = "$(TARGET_NAME)";
				SDKROOT = iphoneos;
				SWIFT_VERSION = 5.0;
				TARGETED_DEVICE_FAMILY = "1,2";
				TEST_TARGET_NAME = "AetherSpace (iOS)";
				VALIDATE_PRODUCT = YES;
			};
			name = Release;
		};
/* End XCBuildConfiguration section */

/* Begin XCConfigurationList section */
		E92F9EA2260D9E110092216F /* Build configuration list for PBXProject "AetherSpace" */ = {
			isa = XCConfigurationList;
			buildConfigurations = (
				E92F9EC0260D9E130092216F /* Debug */,
				E92F9EC1260D9E130092216F /* Release */,
			);
			defaultConfigurationIsVisible = 0;
			defaultConfigurationName = Release;
		};
		E92F9EC2260D9E130092216F /* Build configuration list for PBXNativeTarget "AetherSpace (iOS)" */ = {
			isa = XCConfigurationList;
			buildConfigurations = (
				E92F9EC3260D9E130092216F /* Debug */,
				E92F9EC4260D9E130092216F /* Release */,
			);
			defaultConfigurationIsVisible = 0;
			defaultConfigurationName = Release;
		};
		E92F9EC5260D9E130092216F /* Build configuration list for PBXNativeTarget "AetherSpace (macOS)" */ = {
			isa = XCConfigurationList;
			buildConfigurations = (
				E92F9EC6260D9E130092216F /* Debug */,
				E92F9EC7260D9E130092216F /* Release */,
			);
			defaultConfigurationIsVisible = 0;
			defaultConfigurationName = Release;
		};
		E9DA4193263400DF002508C1 /* Build configuration list for PBXNativeTarget "AetherSpaceTests" */ = {
			isa = XCConfigurationList;
			buildConfigurations = (
				E9DA4191263400DF002508C1 /* Debug */,
				E9DA4192263400DF002508C1 /* Release */,
			);
			defaultConfigurationIsVisible = 0;
			defaultConfigurationName = Release;
		};
		E9DA41A626340ADB002508C1 /* Build configuration list for PBXNativeTarget "AetherSpaceUITests" */ = {
			isa = XCConfigurationList;
			buildConfigurations = (
				E9DA41A726340ADB002508C1 /* Debug */,
				E9DA41A826340ADB002508C1 /* Release */,
			);
			defaultConfigurationIsVisible = 0;
			defaultConfigurationName = Release;
		};
/* End XCConfigurationList section */

/* Begin XCRemoteSwiftPackageReference section */
		E958D317260DA4F20045FA42 /* XCRemoteSwiftPackageReference "Alamofire" */ = {
			isa = XCRemoteSwiftPackageReference;
			repositoryURL = "https://github.com/Alamofire/Alamofire.git";
			requirement = {
				kind = upToNextMajorVersion;
				minimumVersion = 5.4.1;
			};
		};
		E958D31C260DA9000045FA42 /* XCRemoteSwiftPackageReference "Kingfisher" */ = {
			isa = XCRemoteSwiftPackageReference;
			repositoryURL = "https://github.com/onevcat/Kingfisher.git";
			requirement = {
				kind = upToNextMajorVersion;
				minimumVersion = 6.2.1;
			};
		};
		E95BF1962625D5EE00D071EA /* XCRemoteSwiftPackageReference "SwiftUI-Introspect" */ = {
			isa = XCRemoteSwiftPackageReference;
			repositoryURL = "https://github.com/siteline/SwiftUI-Introspect.git";
			requirement = {
				kind = upToNextMajorVersion;
				minimumVersion = 0.1.3;
			};
		};
		E985A1C52653B94000E4B8F0 /* XCRemoteSwiftPackageReference "MarkdownUI" */ = {
			isa = XCRemoteSwiftPackageReference;
			repositoryURL = "https://github.com/gonzalezreal/MarkdownUI";
			requirement = {
				kind = upToNextMajorVersion;
				minimumVersion = 0.5.1;
			};
		};
/* End XCRemoteSwiftPackageReference section */

/* Begin XCSwiftPackageProductDependency section */
		E958D318260DA4F20045FA42 /* Alamofire */ = {
			isa = XCSwiftPackageProductDependency;
			package = E958D317260DA4F20045FA42 /* XCRemoteSwiftPackageReference "Alamofire" */;
			productName = Alamofire;
		};
		E958D31D260DA9000045FA42 /* Kingfisher */ = {
			isa = XCSwiftPackageProductDependency;
			package = E958D31C260DA9000045FA42 /* XCRemoteSwiftPackageReference "Kingfisher" */;
			productName = Kingfisher;
		};
		E95BF1972625D5EE00D071EA /* Introspect */ = {
			isa = XCSwiftPackageProductDependency;
			package = E95BF1962625D5EE00D071EA /* XCRemoteSwiftPackageReference "SwiftUI-Introspect" */;
			productName = Introspect;
		};
		E985A1C62653B94100E4B8F0 /* MarkdownUI */ = {
			isa = XCSwiftPackageProductDependency;
			package = E985A1C52653B94000E4B8F0 /* XCRemoteSwiftPackageReference "MarkdownUI" */;
			productName = MarkdownUI;
		};
/* End XCSwiftPackageProductDependency section */
	};
	rootObject = E92F9E9F260D9E110092216F /* Project object */;
}
