// !$*UTF8*$!
{
	archiveVersion = 1;
	classes = {
	};
	objectVersion = 50;
	objects = {

/* Begin PBXBuildFile section */
		E92F9EB8260D9E130092216F /* AetherSpaceApp.swift in Sources */ = {isa = PBXBuildFile; fileRef = E92F9EA4260D9E110092216F /* AetherSpaceApp.swift */; };
		E92F9EB9260D9E130092216F /* AetherSpaceApp.swift in Sources */ = {isa = PBXBuildFile; fileRef = E92F9EA4260D9E110092216F /* AetherSpaceApp.swift */; };
		E92F9EBA260D9E130092216F /* AetherSpaceDocument.swift in Sources */ = {isa = PBXBuildFile; fileRef = E92F9EA5260D9E110092216F /* AetherSpaceDocument.swift */; };
		E92F9EBB260D9E130092216F /* AetherSpaceDocument.swift in Sources */ = {isa = PBXBuildFile; fileRef = E92F9EA5260D9E110092216F /* AetherSpaceDocument.swift */; };
		E92F9EBC260D9E130092216F /* ContentView.swift in Sources */ = {isa = PBXBuildFile; fileRef = E92F9EA6260D9E110092216F /* ContentView.swift */; };
		E92F9EBD260D9E130092216F /* ContentView.swift in Sources */ = {isa = PBXBuildFile; fileRef = E92F9EA6260D9E110092216F /* ContentView.swift */; };
		E92F9EBE260D9E130092216F /* Assets.xcassets in Resources */ = {isa = PBXBuildFile; fileRef = E92F9EA7260D9E130092216F /* Assets.xcassets */; };
		E92F9EBF260D9E130092216F /* Assets.xcassets in Resources */ = {isa = PBXBuildFile; fileRef = E92F9EA7260D9E130092216F /* Assets.xcassets */; };
/* End PBXBuildFile section */

/* Begin PBXFileReference section */
		E92F9EA4260D9E110092216F /* AetherSpaceApp.swift */ = {isa = PBXFileReference; lastKnownFileType = sourcecode.swift; path = AetherSpaceApp.swift; sourceTree = "<group>"; };
		E92F9EA5260D9E110092216F /* AetherSpaceDocument.swift */ = {isa = PBXFileReference; lastKnownFileType = sourcecode.swift; path = AetherSpaceDocument.swift; sourceTree = "<group>"; };
		E92F9EA6260D9E110092216F /* ContentView.swift */ = {isa = PBXFileReference; lastKnownFileType = sourcecode.swift; path = ContentView.swift; sourceTree = "<group>"; };
		E92F9EA7260D9E130092216F /* Assets.xcassets */ = {isa = PBXFileReference; lastKnownFileType = folder.assetcatalog; path = Assets.xcassets; sourceTree = "<group>"; };
		E92F9EAC260D9E130092216F /* AetherSpace.app */ = {isa = PBXFileReference; explicitFileType = wrapper.application; includeInIndex = 0; path = AetherSpace.app; sourceTree = BUILT_PRODUCTS_DIR; };
		E92F9EAF260D9E130092216F /* Info.plist */ = {isa = PBXFileReference; lastKnownFileType = text.plist.xml; path = Info.plist; sourceTree = "<group>"; };
		E92F9EB4260D9E130092216F /* AetherSpace.app */ = {isa = PBXFileReference; explicitFileType = wrapper.application; includeInIndex = 0; path = AetherSpace.app; sourceTree = BUILT_PRODUCTS_DIR; };
		E92F9EB6260D9E130092216F /* Info.plist */ = {isa = PBXFileReference; lastKnownFileType = text.plist.xml; path = Info.plist; sourceTree = "<group>"; };
		E92F9EB7260D9E130092216F /* macOS.entitlements */ = {isa = PBXFileReference; lastKnownFileType = text.plist.entitlements; path = macOS.entitlements; sourceTree = "<group>"; };
/* End PBXFileReference section */

/* Begin PBXFrameworksBuildPhase section */
		E92F9EA9260D9E130092216F /* Frameworks */ = {
			isa = PBXFrameworksBuildPhase;
			buildActionMask = 2147483647;
			files = (
			);
			runOnlyForDeploymentPostprocessing = 0;
		};
		E92F9EB1260D9E130092216F /* Frameworks */ = {
			isa = PBXFrameworksBuildPhase;
			buildActionMask = 2147483647;
			files = (
			);
			runOnlyForDeploymentPostprocessing = 0;
		};
/* End PBXFrameworksBuildPhase section */

/* Begin PBXGroup section */
		E92F9E9E260D9E110092216F = {
			isa = PBXGroup;
			children = (
				E92F9EA3260D9E110092216F /* Shared */,
				E92F9EAE260D9E130092216F /* iOS */,
				E92F9EB5260D9E130092216F /* macOS */,
				E92F9EAD260D9E130092216F /* Products */,
			);
			sourceTree = "<group>";
		};
		E92F9EA3260D9E110092216F /* Shared */ = {
			isa = PBXGroup;
			children = (
				E92F9EA4260D9E110092216F /* AetherSpaceApp.swift */,
				E92F9EA5260D9E110092216F /* AetherSpaceDocument.swift */,
				E92F9EA6260D9E110092216F /* ContentView.swift */,
				E92F9EA7260D9E130092216F /* Assets.xcassets */,
			);
			path = Shared;
			sourceTree = "<group>";
		};
		E92F9EAD260D9E130092216F /* Products */ = {
			isa = PBXGroup;
			children = (
				E92F9EAC260D9E130092216F /* AetherSpace.app */,
				E92F9EB4260D9E130092216F /* AetherSpace.app */,
			);
			name = Products;
			sourceTree = "<group>";
		};
		E92F9EAE260D9E130092216F /* iOS */ = {
			isa = PBXGroup;
			children = (
				E92F9EAF260D9E130092216F /* Info.plist */,
			);
			path = iOS;
			sourceTree = "<group>";
		};
		E92F9EB5260D9E130092216F /* macOS */ = {
			isa = PBXGroup;
			children = (
				E92F9EB6260D9E130092216F /* Info.plist */,
				E92F9EB7260D9E130092216F /* macOS.entitlements */,
			);
			path = macOS;
			sourceTree = "<group>";
		};
/* End PBXGroup section */

/* Begin PBXNativeTarget section */
		E92F9EAB260D9E130092216F /* AetherSpace (iOS) */ = {
			isa = PBXNativeTarget;
			buildConfigurationList = E92F9EC2260D9E130092216F /* Build configuration list for PBXNativeTarget "AetherSpace (iOS)" */;
			buildPhases = (
				E92F9EA8260D9E130092216F /* Sources */,
				E92F9EA9260D9E130092216F /* Frameworks */,
				E92F9EAA260D9E130092216F /* Resources */,
			);
			buildRules = (
			);
			dependencies = (
			);
			name = "AetherSpace (iOS)";
			productName = "AetherSpace (iOS)";
			productReference = E92F9EAC260D9E130092216F /* AetherSpace.app */;
			productType = "com.apple.product-type.application";
		};
		E92F9EB3260D9E130092216F /* AetherSpace (macOS) */ = {
			isa = PBXNativeTarget;
			buildConfigurationList = E92F9EC5260D9E130092216F /* Build configuration list for PBXNativeTarget "AetherSpace (macOS)" */;
			buildPhases = (
				E92F9EB0260D9E130092216F /* Sources */,
				E92F9EB1260D9E130092216F /* Frameworks */,
				E92F9EB2260D9E130092216F /* Resources */,
			);
			buildRules = (
			);
			dependencies = (
			);
			name = "AetherSpace (macOS)";
			productName = "AetherSpace (macOS)";
			productReference = E92F9EB4260D9E130092216F /* AetherSpace.app */;
			productType = "com.apple.product-type.application";
		};
/* End PBXNativeTarget section */

/* Begin PBXProject section */
		E92F9E9F260D9E110092216F /* Project object */ = {
			isa = PBXProject;
			attributes = {
				LastSwiftUpdateCheck = 1240;
				LastUpgradeCheck = 1240;
				TargetAttributes = {
					E92F9EAB260D9E130092216F = {
						CreatedOnToolsVersion = 12.4;
					};
					E92F9EB3260D9E130092216F = {
						CreatedOnToolsVersion = 12.4;
					};
				};
			};
			buildConfigurationList = E92F9EA2260D9E110092216F /* Build configuration list for PBXProject "AetherSpace" */;
			compatibilityVersion = "Xcode 9.3";
			developmentRegion = en;
			hasScannedForEncodings = 0;
			knownRegions = (
				en,
				Base,
			);
			mainGroup = E92F9E9E260D9E110092216F;
			productRefGroup = E92F9EAD260D9E130092216F /* Products */;
			projectDirPath = "";
			projectRoot = "";
			targets = (
				E92F9EAB260D9E130092216F /* AetherSpace (iOS) */,
				E92F9EB3260D9E130092216F /* AetherSpace (macOS) */,
			);
		};
/* End PBXProject section */

/* Begin PBXResourcesBuildPhase section */
		E92F9EAA260D9E130092216F /* Resources */ = {
			isa = PBXResourcesBuildPhase;
			buildActionMask = 2147483647;
			files = (
				E92F9EBE260D9E130092216F /* Assets.xcassets in Resources */,
			);
			runOnlyForDeploymentPostprocessing = 0;
		};
		E92F9EB2260D9E130092216F /* Resources */ = {
			isa = PBXResourcesBuildPhase;
			buildActionMask = 2147483647;
			files = (
				E92F9EBF260D9E130092216F /* Assets.xcassets in Resources */,
			);
			runOnlyForDeploymentPostprocessing = 0;
		};
/* End PBXResourcesBuildPhase section */

/* Begin PBXSourcesBuildPhase section */
		E92F9EA8260D9E130092216F /* Sources */ = {
			isa = PBXSourcesBuildPhase;
			buildActionMask = 2147483647;
			files = (
				E92F9EBA260D9E130092216F /* AetherSpaceDocument.swift in Sources */,
				E92F9EB8260D9E130092216F /* AetherSpaceApp.swift in Sources */,
				E92F9EBC260D9E130092216F /* ContentView.swift in Sources */,
			);
			runOnlyForDeploymentPostprocessing = 0;
		};
		E92F9EB0260D9E130092216F /* Sources */ = {
			isa = PBXSourcesBuildPhase;
			buildActionMask = 2147483647;
			files = (
				E92F9EBB260D9E130092216F /* AetherSpaceDocument.swift in Sources */,
				E92F9EB9260D9E130092216F /* AetherSpaceApp.swift in Sources */,
				E92F9EBD260D9E130092216F /* ContentView.swift in Sources */,
			);
			runOnlyForDeploymentPostprocessing = 0;
		};
/* End PBXSourcesBuildPhase section */

/* Begin XCBuildConfiguration section */
		E92F9EC0260D9E130092216F /* Debug */ = {
			isa = XCBuildConfiguration;
			buildSettings = {
				ALWAYS_SEARCH_USER_PATHS = NO;
				CLANG_ANALYZER_NONNULL = YES;
				CLANG_ANALYZER_NUMBER_OBJECT_CONVERSION = YES_AGGRESSIVE;
				CLANG_CXX_LANGUAGE_STANDARD = "gnu++14";
				CLANG_CXX_LIBRARY = "libc++";
				CLANG_ENABLE_MODULES = YES;
				CLANG_ENABLE_OBJC_ARC = YES;
				CLANG_ENABLE_OBJC_WEAK = YES;
				CLANG_WARN_BLOCK_CAPTURE_AUTORELEASING = YES;
				CLANG_WARN_BOOL_CONVERSION = YES;
				CLANG_WARN_COMMA = YES;
				CLANG_WARN_CONSTANT_CONVERSION = YES;
				CLANG_WARN_DEPRECATED_OBJC_IMPLEMENTATIONS = YES;
				CLANG_WARN_DIRECT_OBJC_ISA_USAGE = YES_ERROR;
				CLANG_WARN_DOCUMENTATION_COMMENTS = YES;
				CLANG_WARN_EMPTY_BODY = YES;
				CLANG_WARN_ENUM_CONVERSION = YES;
				CLANG_WARN_INFINITE_RECURSION = YES;
				CLANG_WARN_INT_CONVERSION = YES;
				CLANG_WARN_NON_LITERAL_NULL_CONVERSION = YES;
				CLANG_WARN_OBJC_IMPLICIT_RETAIN_SELF = YES;
				CLANG_WARN_OBJC_LITERAL_CONVERSION = YES;
				CLANG_WARN_OBJC_ROOT_CLASS = YES_ERROR;
				CLANG_WARN_QUOTED_INCLUDE_IN_FRAMEWORK_HEADER = YES;
				CLANG_WARN_RANGE_LOOP_ANALYSIS = YES;
				CLANG_WARN_STRICT_PROTOTYPES = YES;
				CLANG_WARN_SUSPICIOUS_MOVE = YES;
				CLANG_WARN_UNGUARDED_AVAILABILITY = YES_AGGRESSIVE;
				CLANG_WARN_UNREACHABLE_CODE = YES;
				CLANG_WARN__DUPLICATE_METHOD_MATCH = YES;
				COPY_PHASE_STRIP = NO;
				DEBUG_INFORMATION_FORMAT = dwarf;
				ENABLE_STRICT_OBJC_MSGSEND = YES;
				ENABLE_TESTABILITY = YES;
				GCC_C_LANGUAGE_STANDARD = gnu11;
				GCC_DYNAMIC_NO_PIC = NO;
				GCC_NO_COMMON_BLOCKS = YES;
				GCC_OPTIMIZATION_LEVEL = 0;
				GCC_PREPROCESSOR_DEFINITIONS = (
					"DEBUG=1",
					"$(inherited)",
				);
				GCC_WARN_64_TO_32_BIT_CONVERSION = YES;
				GCC_WARN_ABOUT_RETURN_TYPE = YES_ERROR;
				GCC_WARN_UNDECLARED_SELECTOR = YES;
				GCC_WARN_UNINITIALIZED_AUTOS = YES_AGGRESSIVE;
				GCC_WARN_UNUSED_FUNCTION = YES;
				GCC_WARN_UNUSED_VARIABLE = YES;
				MTL_ENABLE_DEBUG_INFO = INCLUDE_SOURCE;
				MTL_FAST_MATH = YES;
				ONLY_ACTIVE_ARCH = YES;
				SWIFT_ACTIVE_COMPILATION_CONDITIONS = DEBUG;
				SWIFT_OPTIMIZATION_LEVEL = "-Onone";
			};
			name = Debug;
		};
		E92F9EC1260D9E130092216F /* Release */ = {
			isa = XCBuildConfiguration;
			buildSettings = {
				ALWAYS_SEARCH_USER_PATHS = NO;
				CLANG_ANALYZER_NONNULL = YES;
				CLANG_ANALYZER_NUMBER_OBJECT_CONVERSION = YES_AGGRESSIVE;
				CLANG_CXX_LANGUAGE_STANDARD = "gnu++14";
				CLANG_CXX_LIBRARY = "libc++";
				CLANG_ENABLE_MODULES = YES;
				CLANG_ENABLE_OBJC_ARC = YES;
				CLANG_ENABLE_OBJC_WEAK = YES;
				CLANG_WARN_BLOCK_CAPTURE_AUTORELEASING = YES;
				CLANG_WARN_BOOL_CONVERSION = YES;
				CLANG_WARN_COMMA = YES;
				CLANG_WARN_CONSTANT_CONVERSION = YES;
				CLANG_WARN_DEPRECATED_OBJC_IMPLEMENTATIONS = YES;
				CLANG_WARN_DIRECT_OBJC_ISA_USAGE = YES_ERROR;
				CLANG_WARN_DOCUMENTATION_COMMENTS = YES;
				CLANG_WARN_EMPTY_BODY = YES;
				CLANG_WARN_ENUM_CONVERSION = YES;
				CLANG_WARN_INFINITE_RECURSION = YES;
				CLANG_WARN_INT_CONVERSION = YES;
				CLANG_WARN_NON_LITERAL_NULL_CONVERSION = YES;
				CLANG_WARN_OBJC_IMPLICIT_RETAIN_SELF = YES;
				CLANG_WARN_OBJC_LITERAL_CONVERSION = YES;
				CLANG_WARN_OBJC_ROOT_CLASS = YES_ERROR;
				CLANG_WARN_QUOTED_INCLUDE_IN_FRAMEWORK_HEADER = YES;
				CLANG_WARN_RANGE_LOOP_ANALYSIS = YES;
				CLANG_WARN_STRICT_PROTOTYPES = YES;
				CLANG_WARN_SUSPICIOUS_MOVE = YES;
				CLANG_WARN_UNGUARDED_AVAILABILITY = YES_AGGRESSIVE;
				CLANG_WARN_UNREACHABLE_CODE = YES;
				CLANG_WARN__DUPLICATE_METHOD_MATCH = YES;
				COPY_PHASE_STRIP = NO;
				DEBUG_INFORMATION_FORMAT = "dwarf-with-dsym";
				ENABLE_NS_ASSERTIONS = NO;
				ENABLE_STRICT_OBJC_MSGSEND = YES;
				GCC_C_LANGUAGE_STANDARD = gnu11;
				GCC_NO_COMMON_BLOCKS = YES;
				GCC_WARN_64_TO_32_BIT_CONVERSION = YES;
				GCC_WARN_ABOUT_RETURN_TYPE = YES_ERROR;
				GCC_WARN_UNDECLARED_SELECTOR = YES;
				GCC_WARN_UNINITIALIZED_AUTOS = YES_AGGRESSIVE;
				GCC_WARN_UNUSED_FUNCTION = YES;
				GCC_WARN_UNUSED_VARIABLE = YES;
				MTL_ENABLE_DEBUG_INFO = NO;
				MTL_FAST_MATH = YES;
				SWIFT_COMPILATION_MODE = wholemodule;
				SWIFT_OPTIMIZATION_LEVEL = "-O";
			};
			name = Release;
		};
		E92F9EC3260D9E130092216F /* Debug */ = {
			isa = XCBuildConfiguration;
			buildSettings = {
				ASSETCATALOG_COMPILER_APPICON_NAME = AppIcon;
				ASSETCATALOG_COMPILER_GLOBAL_ACCENT_COLOR_NAME = AccentColor;
				CODE_SIGN_STYLE = Automatic;
				DEVELOPMENT_TEAM = GGX843SUB7;
				ENABLE_PREVIEWS = YES;
				INFOPLIST_FILE = iOS/Info.plist;
				IPHONEOS_DEPLOYMENT_TARGET = 14.0;
				LD_RUNPATH_SEARCH_PATHS = (
					"$(inherited)",
					"@executable_path/Frameworks",
				);
				PRODUCT_BUNDLE_IDENTIFIER = Aether.AetherSpace;
				PRODUCT_NAME = AetherSpace;
				SDKROOT = iphoneos;
				SWIFT_VERSION = 5.0;
				TARGETED_DEVICE_FAMILY = "1,2";
			};
			name = Debug;
		};
		E92F9EC4260D9E130092216F /* Release */ = {
			isa = XCBuildConfiguration;
			buildSettings = {
				ASSETCATALOG_COMPILER_APPICON_NAME = AppIcon;
				ASSETCATALOG_COMPILER_GLOBAL_ACCENT_COLOR_NAME = AccentColor;
				CODE_SIGN_STYLE = Automatic;
				DEVELOPMENT_TEAM = GGX843SUB7;
				ENABLE_PREVIEWS = YES;
				INFOPLIST_FILE = iOS/Info.plist;
				IPHONEOS_DEPLOYMENT_TARGET = 14.0;
				LD_RUNPATH_SEARCH_PATHS = (
					"$(inherited)",
					"@executable_path/Frameworks",
				);
				PRODUCT_BUNDLE_IDENTIFIER = Aether.AetherSpace;
				PRODUCT_NAME = AetherSpace;
				SDKROOT = iphoneos;
				SWIFT_VERSION = 5.0;
				TARGETED_DEVICE_FAMILY = "1,2";
				VALIDATE_PRODUCT = YES;
			};
			name = Release;
		};
		E92F9EC6260D9E130092216F /* Debug */ = {
			isa = XCBuildConfiguration;
			buildSettings = {
				ASSETCATALOG_COMPILER_APPICON_NAME = AppIcon;
				ASSETCATALOG_COMPILER_GLOBAL_ACCENT_COLOR_NAME = AccentColor;
				CODE_SIGN_ENTITLEMENTS = macOS/macOS.entitlements;
				CODE_SIGN_STYLE = Automatic;
				COMBINE_HIDPI_IMAGES = YES;
				DEVELOPMENT_TEAM = GGX843SUB7;
				ENABLE_HARDENED_RUNTIME = YES;
				ENABLE_PREVIEWS = YES;
				INFOPLIST_FILE = macOS/Info.plist;
				LD_RUNPATH_SEARCH_PATHS = (
					"$(inherited)",
					"@executable_path/../Frameworks",
				);
				MACOSX_DEPLOYMENT_TARGET = 11.0;
				PRODUCT_BUNDLE_IDENTIFIER = Aether.AetherSpace;
				PRODUCT_NAME = AetherSpace;
				SDKROOT = macosx;
				SWIFT_VERSION = 5.0;
			};
			name = Debug;
		};
		E92F9EC7260D9E130092216F /* Release */ = {
			isa = XCBuildConfiguration;
			buildSettings = {
				ASSETCATALOG_COMPILER_APPICON_NAME = AppIcon;
				ASSETCATALOG_COMPILER_GLOBAL_ACCENT_COLOR_NAME = AccentColor;
				CODE_SIGN_ENTITLEMENTS = macOS/macOS.entitlements;
				CODE_SIGN_STYLE = Automatic;
				COMBINE_HIDPI_IMAGES = YES;
				DEVELOPMENT_TEAM = GGX843SUB7;
				ENABLE_HARDENED_RUNTIME = YES;
				ENABLE_PREVIEWS = YES;
				INFOPLIST_FILE = macOS/Info.plist;
				LD_RUNPATH_SEARCH_PATHS = (
					"$(inherited)",
					"@executable_path/../Frameworks",
				);
				MACOSX_DEPLOYMENT_TARGET = 11.0;
				PRODUCT_BUNDLE_IDENTIFIER = Aether.AetherSpace;
				PRODUCT_NAME = AetherSpace;
				SDKROOT = macosx;
				SWIFT_VERSION = 5.0;
			};
			name = Release;
		};
/* End XCBuildConfiguration section */

/* Begin XCConfigurationList section */
		E92F9EA2260D9E110092216F /* Build configuration list for PBXProject "AetherSpace" */ = {
			isa = XCConfigurationList;
			buildConfigurations = (
				E92F9EC0260D9E130092216F /* Debug */,
				E92F9EC1260D9E130092216F /* Release */,
			);
			defaultConfigurationIsVisible = 0;
			defaultConfigurationName = Release;
		};
		E92F9EC2260D9E130092216F /* Build configuration list for PBXNativeTarget "AetherSpace (iOS)" */ = {
			isa = XCConfigurationList;
			buildConfigurations = (
				E92F9EC3260D9E130092216F /* Debug */,
				E92F9EC4260D9E130092216F /* Release */,
			);
			defaultConfigurationIsVisible = 0;
			defaultConfigurationName = Release;
		};
		E92F9EC5260D9E130092216F /* Build configuration list for PBXNativeTarget "AetherSpace (macOS)" */ = {
			isa = XCConfigurationList;
			buildConfigurations = (
				E92F9EC6260D9E130092216F /* Debug */,
				E92F9EC7260D9E130092216F /* Release */,
			);
			defaultConfigurationIsVisible = 0;
			defaultConfigurationName = Release;
		};
/* End XCConfigurationList section */
	};
	rootObject = E92F9E9F260D9E110092216F /* Project object */;
}
